<?xml version="1.0" encoding="utf-8"?>
<Project xmlns="http://schemas.microsoft.com/developer/msbuild/2003">
  <ItemGroup>
    <Filter Include="Form Files">
      <UniqueIdentifier>{99349809-55BA-4b9d-BF79-8FDBB0286EB3}</UniqueIdentifier>
      <Extensions>ui</Extensions>
      <ParseFiles>false</ParseFiles>
    </Filter>
    <Filter Include="Form Files">
      <UniqueIdentifier>{99349809-55BA-4b9d-BF79-8FDBB0286EB3}</UniqueIdentifier>
      <Extensions>ui</Extensions>
      <ParseFiles>false</ParseFiles>
    </Filter>
    <Filter Include="Generated Files">
      <UniqueIdentifier>{71ED8ED8-ACB9-4CE9-BBE1-E00B30144E11}</UniqueIdentifier>
      <Extensions>cpp;c;cxx;moc;h;def;odl;idl;res;</Extensions>
    </Filter>
    <Filter Include="Generated Files">
      <UniqueIdentifier>{71ED8ED8-ACB9-4CE9-BBE1-E00B30144E11}</UniqueIdentifier>
      <Extensions>cpp;c;cxx;moc;h;def;odl;idl;res;</Extensions>
    </Filter>
    <Filter Include="Header Files">
      <UniqueIdentifier>{93995380-89BD-4b04-88EB-625FBE52EBFB}</UniqueIdentifier>
      <Extensions>h;hpp;hxx;hm;inl;inc;xsd</Extensions>
    </Filter>
    <Filter Include="Header Files">
      <UniqueIdentifier>{93995380-89BD-4b04-88EB-625FBE52EBFB}</UniqueIdentifier>
      <Extensions>h;hpp;hxx;hm;inl;inc;xsd</Extensions>
    </Filter>
    <Filter Include="Resource Files">
      <UniqueIdentifier>{D9D6E242-F8AF-46E4-B9FD-80ECBC20BA3E}</UniqueIdentifier>
      <Extensions>qrc;*</Extensions>
      <ParseFiles>false</ParseFiles>
    </Filter>
    <Filter Include="Resource Files">
      <UniqueIdentifier>{D9D6E242-F8AF-46E4-B9FD-80ECBC20BA3E}</UniqueIdentifier>
      <Extensions>qrc;*</Extensions>
      <ParseFiles>false</ParseFiles>
    </Filter>
    <Filter Include="Source Files">
      <UniqueIdentifier>{4FC737F1-C7A5-4376-A066-2A32D752A2FF}</UniqueIdentifier>
      <Extensions>cpp;c;cxx;def;odl;idl;hpj;bat;asm;asmx</Extensions>
    </Filter>
    <Filter Include="Source Files">
      <UniqueIdentifier>{4FC737F1-C7A5-4376-A066-2A32D752A2FF}</UniqueIdentifier>
      <Extensions>cpp;c;cxx;def;odl;idl;hpj;bat;asm;asmx</Extensions>
    </Filter>
  </ItemGroup>
  <ItemGroup>
    <ClCompile Include="RakNet\Base64Encoder.cpp">
      <Filter>Source Files</Filter>
    </ClCompile>
    <ClCompile Include="RakNet\BitStream.cpp">
      <Filter>Source Files</Filter>
    </ClCompile>
    <ClCompile Include="CAddons.cpp">
      <Filter>Source Files</Filter>
    </ClCompile>
    <ClCompile Include="RakNet\CCRakNetSlidingWindow.cpp">
      <Filter>Source Files</Filter>
    </ClCompile>
    <ClCompile Include="RakNet\CCRakNetUDT.cpp">
      <Filter>Source Files</Filter>
    </ClCompile>
    <ClCompile Include="Style\CCustomWindow.cpp">
      <Filter>Source Files</Filter>
    </ClCompile>
    <ClCompile Include="CDownloader.cpp">
      <Filter>Source Files</Filter>
    </ClCompile>
    <ClCompile Include="CFavorite.cpp">
      <Filter>Source Files</Filter>
    </ClCompile>
    <ClCompile Include="CFavoriteManager.cpp">
      <Filter>Source Files</Filter>
    </ClCompile>
    <ClCompile Include="CFileTransferCallback.cpp">
      <Filter>Source Files</Filter>
    </ClCompile>
    <ClCompile Include="CInject.cpp">
      <Filter>Source Files</Filter>
    </ClCompile>
    <ClCompile Include="CInternetManager.cpp">
      <Filter>Source Files</Filter>
    </ClCompile>
    <ClCompile Include="CLanguage.cpp">
      <Filter>Source Files</Filter>
    </ClCompile>
    <ClCompile Include="CMasterServerList.cpp">
      <Filter>Source Files</Filter>
    </ClCompile>
    <ClCompile Include="CMessageBox.cpp">
      <Filter>Source Files</Filter>
    </ClCompile>
    <ClCompile Include="CNetwork.cpp">
      <Filter>Source Files</Filter>
    </ClCompile>
    <ClCompile Include="CNetworkThread.cpp">
      <Filter>Source Files</Filter>
    </ClCompile>
    <ClCompile Include="COptions.cpp">
      <Filter>Source Files</Filter>
    </ClCompile>
    <ClCompile Include="RPC\CRPCDownloader.cpp">
      <Filter>Source Files</Filter>
    </ClCompile>
    <ClCompile Include="RPC\CRPCFavorite.cpp">
      <Filter>Source Files</Filter>
    </ClCompile>
    <ClCompile Include="RPC\CRPCInternet.cpp">
      <Filter>Source Files</Filter>
    </ClCompile>
    <ClCompile Include="CServerInfo.cpp">
      <Filter>Source Files</Filter>
    </ClCompile>
    <ClCompile Include="CServerManager.cpp">
      <Filter>Source Files</Filter>
    </ClCompile>
    <ClCompile Include="CSettings.cpp">
      <Filter>Source Files</Filter>
    </ClCompile>
    <ClCompile Include="CUrlDownloader.cpp">
      <Filter>Source Files</Filter>
    </ClCompile>
    <ClCompile Include="CVersion.cpp">
      <Filter>Source Files</Filter>
    </ClCompile>
    <ClCompile Include="Style\CWindowButton.cpp">
      <Filter>Source Files</Filter>
    </ClCompile>
    <ClCompile Include="Style\CWindowTitleBar.cpp">
      <Filter>Source Files</Filter>
    </ClCompile>
    <ClCompile Include="RakNet\CheckSum.cpp">
      <Filter>Source Files</Filter>
    </ClCompile>
    <ClCompile Include="RakNet\CloudClient.cpp">
      <Filter>Source Files</Filter>
    </ClCompile>
    <ClCompile Include="RakNet\CloudCommon.cpp">
      <Filter>Source Files</Filter>
    </ClCompile>
    <ClCompile Include="RakNet\CloudServer.cpp">
      <Filter>Source Files</Filter>
    </ClCompile>
    <ClCompile Include="RakNet\CommandParserInterface.cpp">
      <Filter>Source Files</Filter>
    </ClCompile>
    <ClCompile Include="RakNet\ConnectionGraph2.cpp">
      <Filter>Source Files</Filter>
    </ClCompile>
    <ClCompile Include="RakNet\ConsoleServer.cpp">
      <Filter>Source Files</Filter>
    </ClCompile>
    <ClCompile Include="RakNet\DR_SHA1.cpp">
      <Filter>Source Files</Filter>
    </ClCompile>
    <ClCompile Include="RakNet\DS_BytePool.cpp">
      <Filter>Source Files</Filter>
    </ClCompile>
    <ClCompile Include="RakNet\DS_ByteQueue.cpp">
      <Filter>Source Files</Filter>
    </ClCompile>
    <ClCompile Include="RakNet\DS_HuffmanEncodingTree.cpp">
      <Filter>Source Files</Filter>
    </ClCompile>
    <ClCompile Include="RakNet\DS_Table.cpp">
      <Filter>Source Files</Filter>
    </ClCompile>
    <ClCompile Include="RakNet\DataCompressor.cpp">
      <Filter>Source Files</Filter>
    </ClCompile>
    <ClCompile Include="RakNet\DirectoryDeltaTransfer.cpp">
      <Filter>Source Files</Filter>
    </ClCompile>
    <ClCompile Include="RakNet\DynDNS.cpp">
      <Filter>Source Files</Filter>
    </ClCompile>
    <ClCompile Include="RakNet\EmailSender.cpp">
      <Filter>Source Files</Filter>
    </ClCompile>
    <ClCompile Include="RakNet\EpochTimeToString.cpp">
      <Filter>Source Files</Filter>
    </ClCompile>
    <ClCompile Include="RakNet\FileList.cpp">
      <Filter>Source Files</Filter>
    </ClCompile>
    <ClCompile Include="RakNet\FileListTransfer.cpp">
      <Filter>Source Files</Filter>
    </ClCompile>
    <ClCompile Include="RakNet\FileOperations.cpp">
      <Filter>Source Files</Filter>
    </ClCompile>
    <ClCompile Include="RakNet\FormatString.cpp">
      <Filter>Source Files</Filter>
    </ClCompile>
    <ClCompile Include="RakNet\FullyConnectedMesh2.cpp">
      <Filter>Source Files</Filter>
    </ClCompile>
    <ClCompile Include="RakNet\GetTime.cpp">
      <Filter>Source Files</Filter>
    </ClCompile>
    <ClCompile Include="RakNet\Getche.cpp">
      <Filter>Source Files</Filter>
    </ClCompile>
    <ClCompile Include="RakNet\Gets.cpp">
      <Filter>Source Files</Filter>
    </ClCompile>
    <ClCompile Include="RakNet\GridSectorizer.cpp">
      <Filter>Source Files</Filter>
    </ClCompile>
    <ClCompile Include="RakNet\HTTPConnection.cpp">
      <Filter>Source Files</Filter>
    </ClCompile>
    <ClCompile Include="RakNet\HTTPConnection2.cpp">
      <Filter>Source Files</Filter>
    </ClCompile>
    <ClCompile Include="RakNet\IncrementalReadInterface.cpp">
      <Filter>Source Files</Filter>
    </ClCompile>
    <ClCompile Include="RakNet\Itoa.cpp">
      <Filter>Source Files</Filter>
    </ClCompile>
    <ClCompile Include="RakNet\LinuxStrings.cpp">
      <Filter>Source Files</Filter>
    </ClCompile>
    <ClCompile Include="RakNet\LocklessTypes.cpp">
      <Filter>Source Files</Filter>
    </ClCompile>
    <ClCompile Include="RakNet\LogCommandParser.cpp">
      <Filter>Source Files</Filter>
    </ClCompile>
    <ClCompile Include="RakNet\MessageFilter.cpp">
      <Filter>Source Files</Filter>
    </ClCompile>
    <ClCompile Include="RakNet\NatPunchthroughClient.cpp">
      <Filter>Source Files</Filter>
    </ClCompile>
    <ClCompile Include="RakNet\NatPunchthroughServer.cpp">
      <Filter>Source Files</Filter>
    </ClCompile>
    <ClCompile Include="RakNet\NatTypeDetectionClient.cpp">
      <Filter>Source Files</Filter>
    </ClCompile>
    <ClCompile Include="RakNet\NatTypeDetectionCommon.cpp">
      <Filter>Source Files</Filter>
    </ClCompile>
    <ClCompile Include="RakNet\NatTypeDetectionServer.cpp">
      <Filter>Source Files</Filter>
    </ClCompile>
    <ClCompile Include="RakNet\NetworkIDManager.cpp">
      <Filter>Source Files</Filter>
    </ClCompile>
    <ClCompile Include="RakNet\NetworkIDObject.cpp">
      <Filter>Source Files</Filter>
    </ClCompile>
    <ClCompile Include="RakNet\PS4Includes.cpp">
      <Filter>Source Files</Filter>
    </ClCompile>
    <ClCompile Include="RakNet\PacketConsoleLogger.cpp">
      <Filter>Source Files</Filter>
    </ClCompile>
    <ClCompile Include="RakNet\PacketFileLogger.cpp">
      <Filter>Source Files</Filter>
    </ClCompile>
    <ClCompile Include="RakNet\PacketLogger.cpp">
      <Filter>Source Files</Filter>
    </ClCompile>
    <ClCompile Include="RakNet\PacketOutputWindowLogger.cpp">
      <Filter>Source Files</Filter>
    </ClCompile>
    <ClCompile Include="RakNet\PacketizedTCP.cpp">
      <Filter>Source Files</Filter>
    </ClCompile>
    <ClCompile Include="RakNet\PluginInterface2.cpp">
      <Filter>Source Files</Filter>
    </ClCompile>
    <ClCompile Include="RakNet\RPC4Plugin.cpp">
      <Filter>Source Files</Filter>
    </ClCompile>
    <ClCompile Include="RakNet\Rackspace.cpp">
      <Filter>Source Files</Filter>
    </ClCompile>
    <ClCompile Include="RakNet\RakMemoryOverride.cpp">
      <Filter>Source Files</Filter>
    </ClCompile>
    <ClCompile Include="RakNet\RakNetCommandParser.cpp">
      <Filter>Source Files</Filter>
    </ClCompile>
    <ClCompile Include="RakNet\RakNetSocket.cpp">
      <Filter>Source Files</Filter>
    </ClCompile>
    <ClCompile Include="RakNet\RakNetSocket2.cpp">
      <Filter>Source Files</Filter>
    </ClCompile>
    <ClCompile Include="RakNet\RakNetStatistics.cpp">
      <Filter>Source Files</Filter>
    </ClCompile>
    <ClCompile Include="RakNet\RakNetTransport2.cpp">
      <Filter>Source Files</Filter>
    </ClCompile>
    <ClCompile Include="RakNet\RakNetTypes.cpp">
      <Filter>Source Files</Filter>
    </ClCompile>
    <ClCompile Include="RakNet\RakPeer.cpp">
      <Filter>Source Files</Filter>
    </ClCompile>
    <ClCompile Include="RakNet\RakSleep.cpp">
      <Filter>Source Files</Filter>
    </ClCompile>
    <ClCompile Include="RakNet\RakString.cpp">
      <Filter>Source Files</Filter>
    </ClCompile>
    <ClCompile Include="RakNet\RakThread.cpp">
      <Filter>Source Files</Filter>
    </ClCompile>
    <ClCompile Include="RakNet\RakWString.cpp">
      <Filter>Source Files</Filter>
    </ClCompile>
    <ClCompile Include="RakNet\Rand.cpp">
      <Filter>Source Files</Filter>
    </ClCompile>
    <ClCompile Include="RakNet\RandSync.cpp">
      <Filter>Source Files</Filter>
    </ClCompile>
    <ClCompile Include="RakNet\ReadyEvent.cpp">
      <Filter>Source Files</Filter>
    </ClCompile>
    <ClCompile Include="RakNet\RelayPlugin.cpp">
      <Filter>Source Files</Filter>
    </ClCompile>
    <ClCompile Include="RakNet\ReliabilityLayer.cpp">
      <Filter>Source Files</Filter>
    </ClCompile>
    <ClCompile Include="RakNet\ReplicaManager3.cpp">
      <Filter>Source Files</Filter>
    </ClCompile>
    <ClCompile Include="RakNet\Router2.cpp">
      <Filter>Source Files</Filter>
    </ClCompile>
    <ClCompile Include="SLauncher.cpp">
      <Filter>Source Files</Filter>
    </ClCompile>
    <ClCompile Include="SLog.cpp">
      <Filter>Source Files</Filter>
    </ClCompile>
    <ClCompile Include="RakNet\SecureHandshake.cpp">
      <Filter>Source Files</Filter>
    </ClCompile>
    <ClCompile Include="RakNet\SendToThread.cpp">
      <Filter>Source Files</Filter>
    </ClCompile>
    <ClCompile Include="RakNet\SignaledEvent.cpp">
      <Filter>Source Files</Filter>
    </ClCompile>
    <ClCompile Include="RakNet\SimpleMutex.cpp">
      <Filter>Source Files</Filter>
    </ClCompile>
    <ClCompile Include="RakNet\SocketLayer.cpp">
      <Filter>Source Files</Filter>
    </ClCompile>
    <ClCompile Include="RakNet\StatisticsHistory.cpp">
      <Filter>Source Files</Filter>
    </ClCompile>
    <ClCompile Include="RakNet\StringCompressor.cpp">
      <Filter>Source Files</Filter>
    </ClCompile>
    <ClCompile Include="RakNet\StringTable.cpp">
      <Filter>Source Files</Filter>
    </ClCompile>
    <ClCompile Include="RakNet\SuperFastHash.cpp">
      <Filter>Source Files</Filter>
    </ClCompile>
    <ClCompile Include="RakNet\TCPInterface.cpp">
      <Filter>Source Files</Filter>
    </ClCompile>
    <ClCompile Include="RakNet\TableSerializer.cpp">
      <Filter>Source Files</Filter>
    </ClCompile>
    <ClCompile Include="RakNet\TeamBalancer.cpp">
      <Filter>Source Files</Filter>
    </ClCompile>
    <ClCompile Include="RakNet\TeamManager.cpp">
      <Filter>Source Files</Filter>
    </ClCompile>
    <ClCompile Include="RakNet\TelnetTransport.cpp">
      <Filter>Source Files</Filter>
    </ClCompile>
    <ClCompile Include="RakNet\ThreadsafePacketLogger.cpp">
      <Filter>Source Files</Filter>
    </ClCompile>
    <ClCompile Include="RakNet\TwoWayAuthentication.cpp">
      <Filter>Source Files</Filter>
    </ClCompile>
    <ClCompile Include="RakNet\UDPForwarder.cpp">
      <Filter>Source Files</Filter>
    </ClCompile>
    <ClCompile Include="RakNet\UDPProxyClient.cpp">
      <Filter>Source Files</Filter>
    </ClCompile>
    <ClCompile Include="RakNet\UDPProxyCoordinator.cpp">
      <Filter>Source Files</Filter>
    </ClCompile>
    <ClCompile Include="RakNet\UDPProxyServer.cpp">
      <Filter>Source Files</Filter>
    </ClCompile>
    <ClCompile Include="RakNet\VariableDeltaSerializer.cpp">
      <Filter>Source Files</Filter>
    </ClCompile>
    <ClCompile Include="RakNet\VariableListDeltaTracker.cpp">
      <Filter>Source Files</Filter>
    </ClCompile>
    <ClCompile Include="RakNet\VariadicSQLParser.cpp">
      <Filter>Source Files</Filter>
    </ClCompile>
    <ClCompile Include="RakNet\VitaIncludes.cpp">
      <Filter>Source Files</Filter>
    </ClCompile>
    <ClCompile Include="RakNet\WSAStartupSingleton.cpp">
      <Filter>Source Files</Filter>
    </ClCompile>
    <ClCompile Include="RakNet\_FindFirst.cpp">
      <Filter>Source Files</Filter>
    </ClCompile>
    <ClCompile Include="RakNet\gettimeofday.cpp">
      <Filter>Source Files</Filter>
    </ClCompile>
    <ClCompile Include="main.cpp">
      <Filter>Source Files</Filter>
    </ClCompile>
  </ItemGroup>
  <ItemGroup>
    <ClInclude Include="RakNet\AutopatcherPatchContext.h">
      <Filter>Header Files</Filter>
    </ClInclude>
    <ClInclude Include="RakNet\AutopatcherRepositoryInterface.h">
      <Filter>Header Files</Filter>
    </ClInclude>
    <ClInclude Include="RakNet\Base64Encoder.h">
      <Filter>Header Files</Filter>
    </ClInclude>
    <ClInclude Include="RakNet\BitStream.h">
      <Filter>Header Files</Filter>
    </ClInclude>
    <QtMoc Include="CAddons.h">
      <Filter>Header Files</Filter>
    </QtMoc>
    <ClInclude Include="RakNet\CCRakNetSlidingWindow.h">
      <Filter>Header Files</Filter>
    </ClInclude>
    <ClInclude Include="RakNet\CCRakNetUDT.h">
      <Filter>Header Files</Filter>
    </ClInclude>
    <QtMoc Include="Style\CCustomWindow.h">
      <Filter>Header Files</Filter>
    </QtMoc>
    <QtMoc Include="CDownloader.h">
      <Filter>Header Files</Filter>
    </QtMoc>
    <QtMoc Include="CFavorite.h">
      <Filter>Header Files</Filter>
    </QtMoc>
    <QtMoc Include="CFavoriteManager.h">
      <Filter>Header Files</Filter>
    </QtMoc>
    <QtMoc Include="CFileTransferCallback.h">
      <Filter>Header Files</Filter>
    </QtMoc>
    <ClInclude Include="CInject.h">
      <Filter>Header Files</Filter>
    </ClInclude>
    <QtMoc Include="CInternetManager.h">
      <Filter>Header Files</Filter>
    </QtMoc>
    <QtMoc Include="CLanguage.h">
      <Filter>Header Files</Filter>
    </QtMoc>
    <QtMoc Include="CMasterServerList.h">
      <Filter>Header Files</Filter>
    </QtMoc>
    <QtMoc Include="CMessageBox.h">
      <Filter>Header Files</Filter>
    </QtMoc>
    <QtMoc Include="CNetwork.h">
      <Filter>Header Files</Filter>
    </QtMoc>
    <QtMoc Include="CNetworkThread.h">
      <Filter>Header Files</Filter>
    </QtMoc>
    <QtMoc Include="COptions.h">
      <Filter>Header Files</Filter>
    </QtMoc>
    <QtMoc Include="RPC\CRPCDownloader.h">
      <Filter>Header Files</Filter>
    </QtMoc>
    <QtMoc Include="RPC\CRPCFavorite.h">
      <Filter>Header Files</Filter>
    </QtMoc>
    <QtMoc Include="RPC\CRPCInternet.h">
      <Filter>Header Files</Filter>
    </QtMoc>
    <ClInclude Include="CServerInfo.h">
      <Filter>Header Files</Filter>
    </ClInclude>
    <QtMoc Include="CServerManager.h">
      <Filter>Header Files</Filter>
    </QtMoc>
    <ClInclude Include="CSettings.h">
      <Filter>Header Files</Filter>
    </ClInclude>
    <QtMoc Include="CUrlDownloader.h">
      <Filter>Header Files</Filter>
    </QtMoc>
    <QtMoc Include="CVersion.h">
      <Filter>Header Files</Filter>
    </QtMoc>
    <QtMoc Include="Style\CWindowButton.h">
      <Filter>Header Files</Filter>
    </QtMoc>
    <QtMoc Include="Style\CWindowTitleBar.h">
      <Filter>Header Files</Filter>
    </QtMoc>
    <ClInclude Include="RakNet\CheckSum.h">
      <Filter>Header Files</Filter>
    </ClInclude>
    <ClInclude Include="RakNet\CloudClient.h">
      <Filter>Header Files</Filter>
    </ClInclude>
    <ClInclude Include="RakNet\CloudCommon.h">
      <Filter>Header Files</Filter>
    </ClInclude>
    <ClInclude Include="RakNet\CloudServer.h">
      <Filter>Header Files</Filter>
    </ClInclude>
    <ClInclude Include="RakNet\CommandParserInterface.h">
      <Filter>Header Files</Filter>
    </ClInclude>
    <ClInclude Include="RakNet\ConnectionGraph2.h">
      <Filter>Header Files</Filter>
    </ClInclude>
    <ClInclude Include="RakNet\ConsoleServer.h">
      <Filter>Header Files</Filter>
    </ClInclude>
    <ClInclude Include="RakNet\DR_SHA1.h">
      <Filter>Header Files</Filter>
    </ClInclude>
    <ClInclude Include="RakNet\DS_BPlusTree.h">
      <Filter>Header Files</Filter>
    </ClInclude>
    <ClInclude Include="RakNet\DS_BinarySearchTree.h">
      <Filter>Header Files</Filter>
    </ClInclude>
    <ClInclude Include="RakNet\DS_BytePool.h">
      <Filter>Header Files</Filter>
    </ClInclude>
    <ClInclude Include="RakNet\DS_ByteQueue.h">
      <Filter>Header Files</Filter>
    </ClInclude>
    <ClInclude Include="RakNet\DS_Hash.h">
      <Filter>Header Files</Filter>
    </ClInclude>
    <ClInclude Include="RakNet\DS_Heap.h">
      <Filter>Header Files</Filter>
    </ClInclude>
    <ClInclude Include="RakNet\DS_HuffmanEncodingTree.h">
      <Filter>Header Files</Filter>
    </ClInclude>
    <ClInclude Include="RakNet\DS_HuffmanEncodingTreeFactory.h">
      <Filter>Header Files</Filter>
    </ClInclude>
    <ClInclude Include="RakNet\DS_HuffmanEncodingTreeNode.h">
      <Filter>Header Files</Filter>
    </ClInclude>
    <ClInclude Include="RakNet\DS_LinkedList.h">
      <Filter>Header Files</Filter>
    </ClInclude>
    <ClInclude Include="RakNet\DS_List.h">
      <Filter>Header Files</Filter>
    </ClInclude>
    <ClInclude Include="RakNet\DS_Map.h">
      <Filter>Header Files</Filter>
    </ClInclude>
    <ClInclude Include="RakNet\DS_MemoryPool.h">
      <Filter>Header Files</Filter>
    </ClInclude>
    <ClInclude Include="RakNet\DS_Multilist.h">
      <Filter>Header Files</Filter>
    </ClInclude>
    <ClInclude Include="RakNet\DS_OrderedChannelHeap.h">
      <Filter>Header Files</Filter>
    </ClInclude>
    <ClInclude Include="RakNet\DS_OrderedList.h">
      <Filter>Header Files</Filter>
    </ClInclude>
    <ClInclude Include="RakNet\DS_Queue.h">
      <Filter>Header Files</Filter>
    </ClInclude>
    <ClInclude Include="RakNet\DS_QueueLinkedList.h">
      <Filter>Header Files</Filter>
    </ClInclude>
    <ClInclude Include="RakNet\DS_RangeList.h">
      <Filter>Header Files</Filter>
    </ClInclude>
    <ClInclude Include="RakNet\DS_Table.h">
      <Filter>Header Files</Filter>
    </ClInclude>
    <ClInclude Include="RakNet\DS_ThreadsafeAllocatingQueue.h">
      <Filter>Header Files</Filter>
    </ClInclude>
    <ClInclude Include="RakNet\DS_Tree.h">
      <Filter>Header Files</Filter>
    </ClInclude>
    <ClInclude Include="RakNet\DS_WeightedGraph.h">
      <Filter>Header Files</Filter>
    </ClInclude>
    <ClInclude Include="RakNet\DataCompressor.h">
      <Filter>Header Files</Filter>
    </ClInclude>
    <ClInclude Include="RakNet\DirectoryDeltaTransfer.h">
      <Filter>Header Files</Filter>
    </ClInclude>
    <ClInclude Include="RakNet\DynDNS.h">
      <Filter>Header Files</Filter>
    </ClInclude>
    <ClInclude Include="RakNet\EmailSender.h">
      <Filter>Header Files</Filter>
    </ClInclude>
    <ClInclude Include="RakNet\EmptyHeader.h">
      <Filter>Header Files</Filter>
    </ClInclude>
    <ClInclude Include="RakNet\EpochTimeToString.h">
      <Filter>Header Files</Filter>
    </ClInclude>
    <ClInclude Include="RakNet\Export.h">
      <Filter>Header Files</Filter>
    </ClInclude>
    <ClInclude Include="RakNet\FileList.h">
      <Filter>Header Files</Filter>
    </ClInclude>
    <ClInclude Include="RakNet\FileListNodeContext.h">
      <Filter>Header Files</Filter>
    </ClInclude>
    <ClInclude Include="RakNet\FileListTransfer.h">
      <Filter>Header Files</Filter>
    </ClInclude>
    <ClInclude Include="RakNet\FileListTransferCBInterface.h">
      <Filter>Header Files</Filter>
    </ClInclude>
    <ClInclude Include="RakNet\FileOperations.h">
      <Filter>Header Files</Filter>
    </ClInclude>
    <ClInclude Include="RakNet\FormatString.h">
      <Filter>Header Files</Filter>
    </ClInclude>
    <ClInclude Include="RakNet\FullyConnectedMesh2.h">
      <Filter>Header Files</Filter>
    </ClInclude>
    <ClInclude Include="RakNet\GetTime.h">
      <Filter>Header Files</Filter>
    </ClInclude>
    <ClInclude Include="RakNet\Getche.h">
      <Filter>Header Files</Filter>
    </ClInclude>
    <ClInclude Include="RakNet\Gets.h">
      <Filter>Header Files</Filter>
    </ClInclude>
    <ClInclude Include="GlobalDefines.h">
      <Filter>Header Files</Filter>
    </ClInclude>
    <ClInclude Include="RakNet\GridSectorizer.h">
      <Filter>Header Files</Filter>
    </ClInclude>
    <ClInclude Include="RakNet\HTTPConnection.h">
      <Filter>Header Files</Filter>
    </ClInclude>
    <ClInclude Include="RakNet\HTTPConnection2.h">
      <Filter>Header Files</Filter>
    </ClInclude>
    <ClInclude Include="RakNet\IncrementalReadInterface.h">
      <Filter>Header Files</Filter>
    </ClInclude>
    <ClInclude Include="RakNet\InternalPacket.h">
      <Filter>Header Files</Filter>
    </ClInclude>
    <ClInclude Include="RakNet\Itoa.h">
      <Filter>Header Files</Filter>
    </ClInclude>
    <ClInclude Include="RakNet\Kbhit.h">
      <Filter>Header Files</Filter>
    </ClInclude>
    <ClInclude Include="RakNet\LinuxStrings.h">
      <Filter>Header Files</Filter>
    </ClInclude>
    <ClInclude Include="RakNet\LocklessTypes.h">
      <Filter>Header Files</Filter>
    </ClInclude>
    <ClInclude Include="RakNet\LogCommandParser.h">
      <Filter>Header Files</Filter>
    </ClInclude>
    <ClInclude Include="RakNet\MTUSize.h">
      <Filter>Header Files</Filter>
    </ClInclude>
    <ClInclude Include="Macros.h">
      <Filter>Header Files</Filter>
    </ClInclude>
    <ClInclude Include="RakNet\MessageFilter.h">
      <Filter>Header Files</Filter>
    </ClInclude>
    <ClInclude Include="RakNet\MessageIdentifiers.h">
      <Filter>Header Files</Filter>
    </ClInclude>
    <ClInclude Include="RakNet\NatPunchthroughClient.h">
      <Filter>Header Files</Filter>
    </ClInclude>
    <ClInclude Include="RakNet\NatPunchthroughServer.h">
      <Filter>Header Files</Filter>
    </ClInclude>
    <ClInclude Include="RakNet\NatTypeDetectionClient.h">
      <Filter>Header Files</Filter>
    </ClInclude>
    <ClInclude Include="RakNet\NatTypeDetectionCommon.h">
      <Filter>Header Files</Filter>
    </ClInclude>
    <ClInclude Include="RakNet\NatTypeDetectionServer.h">
      <Filter>Header Files</Filter>
    </ClInclude>
    <ClInclude Include="RakNet\NativeFeatureIncludes.h">
      <Filter>Header Files</Filter>
    </ClInclude>
    <ClInclude Include="RakNet\NativeFeatureIncludesOverrides.h">
      <Filter>Header Files</Filter>
    </ClInclude>
    <ClInclude Include="RakNet\NativeTypes.h">
      <Filter>Header Files</Filter>
    </ClInclude>
    <ClInclude Include="RakNet\NetworkIDManager.h">
      <Filter>Header Files</Filter>
    </ClInclude>
    <ClInclude Include="RakNet\NetworkIDObject.h">
      <Filter>Header Files</Filter>
    </ClInclude>
    <ClInclude Include="PCH.h">
      <Filter>Header Files</Filter>
    </ClInclude>
    <ClInclude Include="RakNet\PS3Includes.h">
      <Filter>Header Files</Filter>
    </ClInclude>
    <ClInclude Include="RakNet\PS4Includes.h">
      <Filter>Header Files</Filter>
    </ClInclude>
    <ClInclude Include="RakNet\PacketConsoleLogger.h">
      <Filter>Header Files</Filter>
    </ClInclude>
    <ClInclude Include="RakNet\PacketFileLogger.h">
      <Filter>Header Files</Filter>
    </ClInclude>
    <ClInclude Include="RakNet\PacketLogger.h">
      <Filter>Header Files</Filter>
    </ClInclude>
    <ClInclude Include="RakNet\PacketOutputWindowLogger.h">
      <Filter>Header Files</Filter>
    </ClInclude>
    <ClInclude Include="RakNet\PacketPool.h">
      <Filter>Header Files</Filter>
    </ClInclude>
    <ClInclude Include="RakNet\PacketPriority.h">
      <Filter>Header Files</Filter>
    </ClInclude>
    <ClInclude Include="RakNet\PacketizedTCP.h">
      <Filter>Header Files</Filter>
    </ClInclude>
    <ClInclude Include="RakNet\PluginInterface2.h">
      <Filter>Header Files</Filter>
    </ClInclude>
    <ClInclude Include="RakNet\RPC4Plugin.h">
      <Filter>Header Files</Filter>
    </ClInclude>
    <ClInclude Include="RakNet\Rackspace.h">
      <Filter>Header Files</Filter>
    </ClInclude>
    <ClInclude Include="RakNet\RakAlloca.h">
      <Filter>Header Files</Filter>
    </ClInclude>
    <ClInclude Include="RakNet\RakAssert.h">
      <Filter>Header Files</Filter>
    </ClInclude>
    <ClInclude Include="RakNet\RakMemoryOverride.h">
      <Filter>Header Files</Filter>
    </ClInclude>
    <ClInclude Include="RakNet\RakNetCommandParser.h">
      <Filter>Header Files</Filter>
    </ClInclude>
    <ClInclude Include="RakNet\RakNetDefines.h">
      <Filter>Header Files</Filter>
    </ClInclude>
    <ClInclude Include="RakNet\RakNetDefinesOverrides.h">
      <Filter>Header Files</Filter>
    </ClInclude>
    <ClInclude Include="RakNetInclude.h">
      <Filter>Header Files</Filter>
    </ClInclude>
    <ClInclude Include="RakNet\RakNetSmartPtr.h">
      <Filter>Header Files</Filter>
    </ClInclude>
    <ClInclude Include="RakNet\RakNetSocket.h">
      <Filter>Header Files</Filter>
    </ClInclude>
    <ClInclude Include="RakNet\RakNetSocket2.h">
      <Filter>Header Files</Filter>
    </ClInclude>
    <ClInclude Include="RakNet\RakNetStatistics.h">
      <Filter>Header Files</Filter>
    </ClInclude>
    <ClInclude Include="RakNet\RakNetTime.h">
      <Filter>Header Files</Filter>
    </ClInclude>
    <ClInclude Include="RakNet\RakNetTransport2.h">
      <Filter>Header Files</Filter>
    </ClInclude>
    <ClInclude Include="RakNet\RakNetTypes.h">
      <Filter>Header Files</Filter>
    </ClInclude>
    <ClInclude Include="RakNet\RakNetVersion.h">
      <Filter>Header Files</Filter>
    </ClInclude>
    <ClInclude Include="RakNet\RakPeer.h">
      <Filter>Header Files</Filter>
    </ClInclude>
    <ClInclude Include="RakNet\RakPeerInterface.h">
      <Filter>Header Files</Filter>
    </ClInclude>
    <ClInclude Include="RakNet\RakSleep.h">
      <Filter>Header Files</Filter>
    </ClInclude>
    <ClInclude Include="RakNet\RakString.h">
      <Filter>Header Files</Filter>
    </ClInclude>
    <ClInclude Include="RakNet\RakThread.h">
      <Filter>Header Files</Filter>
    </ClInclude>
    <ClInclude Include="RakNet\RakWString.h">
      <Filter>Header Files</Filter>
    </ClInclude>
    <ClInclude Include="RakNet\Rand.h">
      <Filter>Header Files</Filter>
    </ClInclude>
    <ClInclude Include="RakNet\RandSync.h">
      <Filter>Header Files</Filter>
    </ClInclude>
    <ClInclude Include="RakNet\ReadyEvent.h">
      <Filter>Header Files</Filter>
    </ClInclude>
    <ClInclude Include="RakNet\RefCountedObj.h">
      <Filter>Header Files</Filter>
    </ClInclude>
    <ClInclude Include="RakNet\RelayPlugin.h">
      <Filter>Header Files</Filter>
    </ClInclude>
    <ClInclude Include="RakNet\ReliabilityLayer.h">
      <Filter>Header Files</Filter>
    </ClInclude>
    <ClInclude Include="RakNet\ReplicaEnums.h">
      <Filter>Header Files</Filter>
    </ClInclude>
    <ClInclude Include="RakNet\ReplicaManager3.h">
      <Filter>Header Files</Filter>
    </ClInclude>
    <ClInclude Include="RakNet\Router2.h">
      <Filter>Header Files</Filter>
    </ClInclude>
    <QtMoc Include="SLauncher.h">
      <Filter>Header Files</Filter>
    </QtMoc>
    <ClInclude Include="SLog.h">
      <Filter>Header Files</Filter>
    </ClInclude>
    <ClInclude Include="RakNet\SecureHandshake.h">
      <Filter>Header Files</Filter>
    </ClInclude>
    <ClInclude Include="RakNet\SendToThread.h">
      <Filter>Header Files</Filter>
    </ClInclude>
    <ClInclude Include="ServerUnknow.h">
      <Filter>Header Files</Filter>
    </ClInclude>
    <ClInclude Include="SettingUnknow.h">
      <Filter>Header Files</Filter>
    </ClInclude>
    <ClInclude Include="RakNet\SignaledEvent.h">
      <Filter>Header Files</Filter>
    </ClInclude>
    <ClInclude Include="RakNet\SimpleMutex.h">
      <Filter>Header Files</Filter>
    </ClInclude>
    <ClInclude Include="RakNet\SimpleTCPServer.h">
      <Filter>Header Files</Filter>
    </ClInclude>
    <ClInclude Include="RakNet\SingleProducerConsumer.h">
      <Filter>Header Files</Filter>
    </ClInclude>
    <ClInclude Include="RakNet\SocketDefines.h">
      <Filter>Header Files</Filter>
    </ClInclude>
    <ClInclude Include="RakNet\SocketIncludes.h">
      <Filter>Header Files</Filter>
    </ClInclude>
    <ClInclude Include="RakNet\SocketLayer.h">
      <Filter>Header Files</Filter>
    </ClInclude>
    <ClInclude Include="RakNet\StatisticsHistory.h">
      <Filter>Header Files</Filter>
    </ClInclude>
    <ClInclude Include="RakNet\StringCompressor.h">
      <Filter>Header Files</Filter>
    </ClInclude>
    <ClInclude Include="RakNet\StringTable.h">
      <Filter>Header Files</Filter>
    </ClInclude>
    <ClInclude Include="Style\StyleDefines.h">
      <Filter>Header Files</Filter>
    </ClInclude>
    <ClInclude Include="RakNet\SuperFastHash.h">
      <Filter>Header Files</Filter>
    </ClInclude>
    <ClInclude Include="RakNet\TCPInterface.h">
      <Filter>Header Files</Filter>
    </ClInclude>
    <ClInclude Include="RakNet\TableSerializer.h">
      <Filter>Header Files</Filter>
    </ClInclude>
    <ClInclude Include="RakNet\TeamBalancer.h">
      <Filter>Header Files</Filter>
    </ClInclude>
    <ClInclude Include="RakNet\TeamManager.h">
      <Filter>Header Files</Filter>
    </ClInclude>
    <ClInclude Include="RakNet\TelnetTransport.h">
      <Filter>Header Files</Filter>
    </ClInclude>
    <ClInclude Include="RakNet\ThreadPool.h">
      <Filter>Header Files</Filter>
    </ClInclude>
    <ClInclude Include="RakNet\ThreadsafePacketLogger.h">
      <Filter>Header Files</Filter>
    </ClInclude>
    <ClInclude Include="RakNet\TransportInterface.h">
      <Filter>Header Files</Filter>
    </ClInclude>
    <ClInclude Include="RakNet\TwoWayAuthentication.h">
      <Filter>Header Files</Filter>
    </ClInclude>
    <ClInclude Include="RakNet\UDPForwarder.h">
      <Filter>Header Files</Filter>
    </ClInclude>
    <ClInclude Include="RakNet\UDPProxyClient.h">
      <Filter>Header Files</Filter>
    </ClInclude>
    <ClInclude Include="RakNet\UDPProxyCommon.h">
      <Filter>Header Files</Filter>
    </ClInclude>
    <ClInclude Include="RakNet\UDPProxyCoordinator.h">
      <Filter>Header Files</Filter>
    </ClInclude>
    <ClInclude Include="RakNet\UDPProxyServer.h">
      <Filter>Header Files</Filter>
    </ClInclude>
    <ClInclude Include="RakNet\VariableDeltaSerializer.h">
      <Filter>Header Files</Filter>
    </ClInclude>
    <ClInclude Include="RakNet\VariableListDeltaTracker.h">
      <Filter>Header Files</Filter>
    </ClInclude>
    <ClInclude Include="RakNet\VariadicSQLParser.h">
      <Filter>Header Files</Filter>
    </ClInclude>
    <ClInclude Include="RakNet\VitaIncludes.h">
      <Filter>Header Files</Filter>
    </ClInclude>
    <ClInclude Include="RakNet\WSAStartupSingleton.h">
      <Filter>Header Files</Filter>
    </ClInclude>
    <ClInclude Include="RakNet\WindowsIncludes.h">
      <Filter>Header Files</Filter>
    </ClInclude>
    <ClInclude Include="RakNet\XBox360Includes.h">
      <Filter>Header Files</Filter>
    </ClInclude>
    <ClInclude Include="RakNet\_FindFirst.h">
      <Filter>Header Files</Filter>
    </ClInclude>
    <ClInclude Include="RakNet\gettimeofday.h">
      <Filter>Header Files</Filter>
    </ClInclude>
  </ItemGroup>
  <ItemGroup>
    <CustomBuild Include="debug\moc_predefs.h.cbt">
      <Filter>Generated Files</Filter>
    </CustomBuild>
    <CustomBuild Include="release\moc_predefs.h.cbt">
      <Filter>Generated Files</Filter>
    </CustomBuild>
  </ItemGroup>
  <ItemGroup>
    <QtUic Include="CAddons.ui">
      <Filter>Form Files</Filter>
    </QtUic>
    <QtUic Include="CDownloader.ui">
      <Filter>Form Files</Filter>
    </QtUic>
    <QtUic Include="CFavorite.ui">
      <Filter>Form Files</Filter>
    </QtUic>
    <QtUic Include="CMessageBox.ui">
      <Filter>Form Files</Filter>
    </QtUic>
    <QtUic Include="COptions.ui">
      <Filter>Form Files</Filter>
    </QtUic>
    <QtUic Include="CUrlDownloader.ui">
      <Filter>Form Files</Filter>
    </QtUic>
    <QtUic Include="SLauncher.ui">
      <Filter>Form Files</Filter>
    </QtUic>
  </ItemGroup>
  <ItemGroup>
    <None Include="Style\img\checkbox.png">
      <Filter>Resource Files</Filter>
    </None>
    <None Include="Style\img\down_arrow.png">
      <Filter>Resource Files</Filter>
    </None>
    <None Include="go.css">
      <Filter>Resource Files</Filter>
    </None>
    <None Include="img\go_background.png">
      <Filter>Resource Files</Filter>
    </None>
    <None Include="img\go_logo.png">
      <Filter>Resource Files</Filter>
    </None>
    <None Include="img\go_splash.png">
      <Filter>Resource Files</Filter>
    </None>
    <None Include="img\go_widget.png">
      <Filter>Resource Files</Filter>
    </None>
    <None Include="Style\img\left_arrow.png">
      <Filter>Resource Files</Filter>
    </None>
    <QtRcc Include="resource.qrc">
      <Filter>Resource Files</Filter>
    </QtRcc>
    <None Include="Style\img\right_arrow.png">
      <Filter>Resource Files</Filter>
    </None>
    <None Include="Style\img\up_arrow.png">
      <Filter>Resource Files</Filter>
    </None>
  </ItemGroup>
  <ItemGroup>
    <ResourceCompile Include=".\GO_Launcher_resource.rc" />
  </ItemGroup>
</Project>