<?xml version="1.0" encoding="utf-8"?>
<Project ToolsVersion="4.0" xmlns="http://schemas.microsoft.com/developer/msbuild/2003">
  <ItemGroup>
    <Filter Include="Default Project Files">
      <UniqueIdentifier>{f20bc9c1-9537-4b15-8523-e557aa19d1e5}</UniqueIdentifier>
    </Filter>
    <Filter Include="Default Project Files\Header Files">
      <UniqueIdentifier>{827fa701-b47f-40ec-b8be-d9e06b273224}</UniqueIdentifier>
    </Filter>
    <Filter Include="Default Project Files\Header Files\Source Files">
      <UniqueIdentifier>{659c23b6-e5f9-461e-96bc-5b503a8fedd7}</UniqueIdentifier>
    </Filter>
    <Filter Include="ZenGin">
      <UniqueIdentifier>{0dda22e2-dbae-4702-8272-e54b219a1116}</UniqueIdentifier>
    </Filter>
    <Filter Include="ZenGin\GameManager">
      <UniqueIdentifier>{421fd3e7-e73f-4ccb-92d1-90dac4912d37}</UniqueIdentifier>
    </Filter>
    <Filter Include="ZenGin\oAniCtrl_Human">
      <UniqueIdentifier>{cec3b521-03cc-4c30-88c0-5dc49f67400d}</UniqueIdentifier>
    </Filter>
    <Filter Include="ZenGin\oGame">
      <UniqueIdentifier>{f3a80d83-d7db-4f58-b9d2-eda826e2650e}</UniqueIdentifier>
    </Filter>
    <Filter Include="ZenGin\oItem">
      <UniqueIdentifier>{8b031752-9ab0-4998-a045-c9cb4dec35bd}</UniqueIdentifier>
    </Filter>
    <Filter Include="ZenGin\oNpc">
      <UniqueIdentifier>{3ffd0bea-06c1-4318-983d-3b688edde000}</UniqueIdentifier>
    </Filter>
    <Filter Include="ZenGin\oObjFactory">
      <UniqueIdentifier>{a9ed86af-e4e1-4f72-a4b0-21d1e5d7c18d}</UniqueIdentifier>
    </Filter>
    <Filter Include="ZenGin\oSpawnManager">
      <UniqueIdentifier>{18420167-d30d-4df8-8b5c-06a9fba3a3fe}</UniqueIdentifier>
    </Filter>
    <Filter Include="ZenGin\oSpell">
      <UniqueIdentifier>{3e4a673e-e6f4-4296-aba0-16b8c6f4389d}</UniqueIdentifier>
    </Filter>
    <Filter Include="ZenGin\oView">
      <UniqueIdentifier>{cbf7f429-5461-4125-93de-2838f10edc34}</UniqueIdentifier>
    </Filter>
    <Filter Include="ZenGin\oVob">
      <UniqueIdentifier>{5f865163-708a-42f9-bb15-eb0361390581}</UniqueIdentifier>
    </Filter>
    <Filter Include="ZenGin\oWorldTimer">
      <UniqueIdentifier>{714c2b64-5818-48da-bd4a-6fb21403ab2e}</UniqueIdentifier>
    </Filter>
    <Filter Include="ZenGin\zAiPlayer">
      <UniqueIdentifier>{f389909e-2e85-456e-a683-26cd5283df3d}</UniqueIdentifier>
    </Filter>
    <Filter Include="ZenGin\zBspTree">
      <UniqueIdentifier>{fb046b74-c30a-480f-a6c5-1f18cb48e988}</UniqueIdentifier>
    </Filter>
    <Filter Include="ZenGin\zConsole">
      <UniqueIdentifier>{414b5e8e-5746-4263-a212-c7a8e1032adf}</UniqueIdentifier>
    </Filter>
    <Filter Include="ZenGin\zCamera">
      <UniqueIdentifier>{da397286-cde7-430d-8181-6685a236bfe3}</UniqueIdentifier>
    </Filter>
    <Filter Include="ZenGin\zInput">
      <UniqueIdentifier>{f73d0852-401a-4f53-bffc-4b156f260f34}</UniqueIdentifier>
    </Filter>
    <Filter Include="ZenGin\zModel">
      <UniqueIdentifier>{4b37e52c-4120-4883-8caf-df6356bff21b}</UniqueIdentifier>
    </Filter>
    <Filter Include="ZenGin\zObject">
      <UniqueIdentifier>{b5425014-c071-45ec-9df1-007f3694e3b6}</UniqueIdentifier>
    </Filter>
    <Filter Include="ZenGin\zOption">
      <UniqueIdentifier>{d6405fba-bee7-441b-988c-0aa42246bde2}</UniqueIdentifier>
    </Filter>
    <Filter Include="ZenGin\zPar_Symbol">
      <UniqueIdentifier>{959781b1-34ca-47c5-85d4-9d4723aa797f}</UniqueIdentifier>
    </Filter>
    <Filter Include="ZenGin\zParser">
      <UniqueIdentifier>{06b5f5bb-f946-45f2-a33d-e2e6986f630b}</UniqueIdentifier>
    </Filter>
    <Filter Include="ZenGin\zRenderer">
      <UniqueIdentifier>{1fe1f500-96ab-4f7a-9579-59bebafbd2a2}</UniqueIdentifier>
    </Filter>
    <Filter Include="ZenGin\zSession">
      <UniqueIdentifier>{2b51df15-0e0d-4b8e-bdff-65d378e54740}</UniqueIdentifier>
    </Filter>
    <Filter Include="ZenGin\zSkyController">
      <UniqueIdentifier>{9a4c2f10-ccee-464c-8044-eb784c029131}</UniqueIdentifier>
    </Filter>
    <Filter Include="ZenGin\zSoundSystem">
      <UniqueIdentifier>{143b6c80-cee6-40a6-b8db-d63f5c754eb1}</UniqueIdentifier>
    </Filter>
    <Filter Include="ZenGin\zTimer">
      <UniqueIdentifier>{4690eaf5-2f03-4c54-a5a0-bbf95ef50097}</UniqueIdentifier>
    </Filter>
    <Filter Include="ZenGin\zView">
      <UniqueIdentifier>{d3d3a436-6291-4701-bfa9-a073a6b7a775}</UniqueIdentifier>
    </Filter>
    <Filter Include="ZenGin\zVisual">
      <UniqueIdentifier>{b8bdecd3-666f-4689-a321-b138c7de6a3e}</UniqueIdentifier>
    </Filter>
    <Filter Include="ZenGin\zWorld">
      <UniqueIdentifier>{6ec7923e-c507-456a-b612-0b0ebdddccdb}</UniqueIdentifier>
    </Filter>
    <Filter Include="ZenGin\zFile">
      <UniqueIdentifier>{5e8cdcd6-867d-4550-833d-6859e7dc14a5}</UniqueIdentifier>
    </Filter>
    <Filter Include="ZenGin\zTypes">
      <UniqueIdentifier>{4d80d6f1-1f1d-40f7-9e77-f1e2561cf7a0}</UniqueIdentifier>
    </Filter>
    <Filter Include="ZenGin\zTypes\zSTRING">
      <UniqueIdentifier>{b705b1e1-13a5-46a2-8168-9d0315e046df}</UniqueIdentifier>
    </Filter>
    <Filter Include="ZenGin\oMob">
      <UniqueIdentifier>{cb95e4ac-fccf-4836-84b1-c37a36f522d2}</UniqueIdentifier>
    </Filter>
    <Filter Include="ZenGin\Hooks">
      <UniqueIdentifier>{48c7e8d9-db07-460a-a5b5-1cf92b85cfb1}</UniqueIdentifier>
    </Filter>
    <Filter Include="ZenGin\zVob">
      <UniqueIdentifier>{cbb2edba-99e7-48b3-84e7-11339e2be502}</UniqueIdentifier>
    </Filter>
    <Filter Include="ZenGin\GameToggle">
      <UniqueIdentifier>{837de911-96c4-4e22-b4e7-4160f5bb78cb}</UniqueIdentifier>
    </Filter>
    <Filter Include="ZenGin\Mouse">
      <UniqueIdentifier>{af6eae5d-63e9-401b-bca1-674b1c934ade}</UniqueIdentifier>
    </Filter>
    <Filter Include="Shared">
      <UniqueIdentifier>{9c854a07-e945-4e22-8e24-02e3deaa7bbe}</UniqueIdentifier>
    </Filter>
    <Filter Include="Shared\RakNet">
      <UniqueIdentifier>{484902ff-7b65-488e-a691-dcdda6178efc}</UniqueIdentifier>
    </Filter>
    <Filter Include="Shared\goMath">
      <UniqueIdentifier>{0c7a716c-d6a7-402d-9520-521616c03f34}</UniqueIdentifier>
    </Filter>
    <Filter Include="Shared\TinyXML">
      <UniqueIdentifier>{0bbea028-17ff-4046-a930-9b63a1512f6f}</UniqueIdentifier>
    </Filter>
    <Filter Include="Shared\List">
      <UniqueIdentifier>{c8bd9b26-6cc3-4e3c-965a-2128a198adbe}</UniqueIdentifier>
    </Filter>
    <Filter Include="Shared\Network">
      <UniqueIdentifier>{eca93cd7-2261-43b9-8216-84a5310817ad}</UniqueIdentifier>
    </Filter>
    <Filter Include="Shared\HashLib++">
      <UniqueIdentifier>{1007735b-d17e-4c69-92ed-f3d169a20683}</UniqueIdentifier>
    </Filter>
    <Filter Include="Shared\Utility">
      <UniqueIdentifier>{a4b0facc-cbcb-43c6-bd27-53a5795332b6}</UniqueIdentifier>
    </Filter>
    <Filter Include="Shared\Squirrel">
      <UniqueIdentifier>{214fea2c-6012-4d1a-bbc2-5ebc41d294a5}</UniqueIdentifier>
    </Filter>
    <Filter Include="Shared\Squirrel\binmodule">
      <UniqueIdentifier>{0eb02582-53ab-47b0-a001-310ed5ce0415}</UniqueIdentifier>
    </Filter>
    <Filter Include="Shared\Squirrel\include">
      <UniqueIdentifier>{16a74998-3232-4c38-aafc-cc0add036a7b}</UniqueIdentifier>
    </Filter>
    <Filter Include="Shared\Squirrel\squirrel">
      <UniqueIdentifier>{9e045f2c-c214-4ddd-bd70-699397046eb2}</UniqueIdentifier>
    </Filter>
    <Filter Include="Shared\Squirrel\sqstdlib">
      <UniqueIdentifier>{b5151bd5-7b6a-4836-88d5-550939d5922c}</UniqueIdentifier>
    </Filter>
    <Filter Include="Core">
      <UniqueIdentifier>{b9116459-abea-4bec-8ac4-645c7813716e}</UniqueIdentifier>
    </Filter>
    <Filter Include="Core\DevTools">
      <UniqueIdentifier>{550d8577-f738-4aba-bc55-aee49bfef70a}</UniqueIdentifier>
    </Filter>
    <Filter Include="Core\DevTools\Log">
      <UniqueIdentifier>{340efb89-6412-4fb9-a643-8a665b01ee5d}</UniqueIdentifier>
    </Filter>
    <Filter Include="Core\Managers">
      <UniqueIdentifier>{3dcc4d47-50c5-4383-80d3-91bda9bba15f}</UniqueIdentifier>
    </Filter>
    <Filter Include="Core\Local player">
      <UniqueIdentifier>{ed4f7ec2-cdfc-48ee-a8d0-3b89ea6bc5ca}</UniqueIdentifier>
    </Filter>
    <Filter Include="Core\RPC">
      <UniqueIdentifier>{7b24572c-041b-4d69-a67c-8206b1ca0598}</UniqueIdentifier>
    </Filter>
    <Filter Include="Core\Interface">
      <UniqueIdentifier>{c161e221-d1eb-498f-8364-eef754d38900}</UniqueIdentifier>
    </Filter>
    <Filter Include="Core\Objects">
      <UniqueIdentifier>{754b37fc-2610-45ce-ae04-9f3e83ab6656}</UniqueIdentifier>
    </Filter>
    <Filter Include="Core\Objects\Item">
      <UniqueIdentifier>{50070fa1-2292-4659-b942-ec29ba893dc6}</UniqueIdentifier>
    </Filter>
    <Filter Include="Core\Objects\Creatures">
      <UniqueIdentifier>{b89af57b-daab-4497-8c3f-494338c86c05}</UniqueIdentifier>
    </Filter>
    <Filter Include="Core\Objects\Vobs">
      <UniqueIdentifier>{94ae88e4-986d-4aa5-ac39-7cca47e0f438}</UniqueIdentifier>
    </Filter>
    <Filter Include="Core\Script">
      <UniqueIdentifier>{70fdc79a-0c62-439f-9f95-555a348a9f23}</UniqueIdentifier>
    </Filter>
    <Filter Include="Core\Keyboard">
      <UniqueIdentifier>{9172137f-95ef-43de-8c9b-47d3b2cdc3a0}</UniqueIdentifier>
    </Filter>
    <Filter Include="MemLib">
      <UniqueIdentifier>{72837577-d4d8-4c43-8712-07e63413aa81}</UniqueIdentifier>
    </Filter>
  </ItemGroup>
  <ItemGroup>
    <ClInclude Include="stdafx.h">
      <Filter>Default Project Files\Header Files</Filter>
    </ClInclude>
    <ClInclude Include="targetver.h">
      <Filter>Default Project Files\Header Files</Filter>
    </ClInclude>
    <ClInclude Include="zengin\api\g2\constants.h">
      <Filter>ZenGin</Filter>
    </ClInclude>
    <ClInclude Include="zengin\api\g2\macros.h">
      <Filter>ZenGin</Filter>
    </ClInclude>
    <ClInclude Include="zengin\ZenginIncludes.h">
      <Filter>ZenGin</Filter>
    </ClInclude>
    <ClInclude Include="zengin\api\g2\cgamemanager.h">
      <Filter>ZenGin\GameManager</Filter>
    </ClInclude>
    <ClInclude Include="zengin\api\g2\ocanictrl_human.h">
      <Filter>ZenGin\oAniCtrl_Human</Filter>
    </ClInclude>
    <ClInclude Include="zengin\api\g2\ocgame.h">
      <Filter>ZenGin\oGame</Filter>
    </ClInclude>
    <ClInclude Include="zengin\api\g2\ocitem.h">
      <Filter>ZenGin\oItem</Filter>
    </ClInclude>
    <ClInclude Include="zengin\api\g2\ocnpc.h">
      <Filter>ZenGin\oNpc</Filter>
    </ClInclude>
    <ClInclude Include="zengin\api\g2\ocnpcinventory.h">
      <Filter>ZenGin\oNpc</Filter>
    </ClInclude>
    <ClInclude Include="zengin\api\g2\ocobjectfactory.h">
      <Filter>ZenGin\oObjFactory</Filter>
    </ClInclude>
    <ClInclude Include="zengin\api\g2\ocspawnmanager.h">
      <Filter>ZenGin\oSpawnManager</Filter>
    </ClInclude>
    <ClInclude Include="zengin\api\g2\ocspell.h">
      <Filter>ZenGin\oSpell</Filter>
    </ClInclude>
    <ClInclude Include="zengin\api\g2\ocviewgothicprogressbar.h">
      <Filter>ZenGin\oView</Filter>
    </ClInclude>
    <ClInclude Include="zengin\api\g2\ocviewprogressbar.h">
      <Filter>ZenGin\oView</Filter>
    </ClInclude>
    <ClInclude Include="zengin\api\g2\ocviewstatusbar.h">
      <Filter>ZenGin\oView</Filter>
    </ClInclude>
    <ClInclude Include="zengin\api\g2\ocvob.h">
      <Filter>ZenGin\oVob</Filter>
    </ClInclude>
    <ClInclude Include="zengin\api\g2\ocworldtimer.h">
      <Filter>ZenGin\oWorldTimer</Filter>
    </ClInclude>
    <ClInclude Include="zengin\api\g2\zcaiplayer.h">
      <Filter>ZenGin\zAiPlayer</Filter>
    </ClInclude>
    <ClInclude Include="zengin\api\g2\zcbsptree.h">
      <Filter>ZenGin\zBspTree</Filter>
    </ClInclude>
    <ClInclude Include="zengin\api\g2\zcconsole.h">
      <Filter>ZenGin\zConsole</Filter>
    </ClInclude>
    <ClInclude Include="zengin\api\g2\zccamera.h">
      <Filter>ZenGin\zCamera</Filter>
    </ClInclude>
    <ClInclude Include="zengin\api\g2\zcinput.h">
      <Filter>ZenGin\zInput</Filter>
    </ClInclude>
    <ClInclude Include="zengin\api\g2\zcinputcallback.h">
      <Filter>ZenGin\zInput</Filter>
    </ClInclude>
    <ClInclude Include="zengin\api\g2\zcmodel.h">
      <Filter>ZenGin\zModel</Filter>
    </ClInclude>
    <ClInclude Include="zengin\api\g2\zcobject.h">
      <Filter>ZenGin\zObject</Filter>
    </ClInclude>
    <ClInclude Include="zengin\api\g2\zcoption.h">
      <Filter>ZenGin\zOption</Filter>
    </ClInclude>
    <ClInclude Include="zengin\api\g2\zcpar_symbol.h">
      <Filter>ZenGin\zPar_Symbol</Filter>
    </ClInclude>
    <ClInclude Include="zengin\api\g2\zcparser.h">
      <Filter>ZenGin\zParser</Filter>
    </ClInclude>
    <ClInclude Include="zengin\api\g2\zcrenderer.h">
      <Filter>ZenGin\zRenderer</Filter>
    </ClInclude>
    <ClInclude Include="zengin\api\g2\zcsession.h">
      <Filter>ZenGin\zSession</Filter>
    </ClInclude>
    <ClInclude Include="zengin\api\g2\zcskycontroller.h">
      <Filter>ZenGin\zSkyController</Filter>
    </ClInclude>
    <ClInclude Include="zengin\api\g2\zcsoundsystem.h">
      <Filter>ZenGin\zSoundSystem</Filter>
    </ClInclude>
    <ClInclude Include="zengin\api\g2\zctimer.h">
      <Filter>ZenGin\zTimer</Filter>
    </ClInclude>
    <ClInclude Include="zengin\api\g2\zcview.h">
      <Filter>ZenGin\zView</Filter>
    </ClInclude>
    <ClInclude Include="zengin\api\g2\zcvisual.h">
      <Filter>ZenGin\zVisual</Filter>
    </ClInclude>
    <ClInclude Include="zengin\api\g2\zcworld.h">
      <Filter>ZenGin\zWorld</Filter>
    </ClInclude>
    <ClInclude Include="zengin\api\g2\zFILE.h">
      <Filter>ZenGin\zFile</Filter>
    </ClInclude>
    <ClInclude Include="zengin\api\g2\ztypes.h">
      <Filter>ZenGin\zTypes</Filter>
    </ClInclude>
    <ClInclude Include="zengin\api\g2\zstring.h">
      <Filter>ZenGin\zTypes\zSTRING</Filter>
    </ClInclude>
    <ClInclude Include="zengin\api\g2\ocmob.h">
      <Filter>ZenGin\oMob</Filter>
    </ClInclude>
    <ClInclude Include="zengin\api\g2\zcvob.h">
      <Filter>ZenGin\zVob</Filter>
    </ClInclude>
    <ClInclude Include="zengin\api\g2\zgovob.h">
      <Filter>ZenGin\zVob</Filter>
    </ClInclude>
    <ClInclude Include="zengin\api\g2\gametoggle.h">
      <Filter>ZenGin\GameToggle</Filter>
    </ClInclude>
    <ClInclude Include="zengin\api\g2\zcursor.h">
      <Filter>ZenGin\Mouse</Filter>
    </ClInclude>
    <ClInclude Include="..\Shared\GO_SharedIncludes.h">
      <Filter>Shared</Filter>
    </ClInclude>
    <ClInclude Include="..\Shared\RaknetIncludes.h">
      <Filter>Shared</Filter>
    </ClInclude>
    <ClInclude Include="..\Shared\SquirrelIncludes.h">
      <Filter>Shared</Filter>
    </ClInclude>
    <ClInclude Include="..\Shared\RakNet\_FindFirst.h">
      <Filter>Shared\RakNet</Filter>
    </ClInclude>
    <ClInclude Include="..\Shared\RakNet\AutopatcherPatchContext.h">
      <Filter>Shared\RakNet</Filter>
    </ClInclude>
    <ClInclude Include="..\Shared\RakNet\AutopatcherRepositoryInterface.h">
      <Filter>Shared\RakNet</Filter>
    </ClInclude>
    <ClInclude Include="..\Shared\RakNet\Base64Encoder.h">
      <Filter>Shared\RakNet</Filter>
    </ClInclude>
    <ClInclude Include="..\Shared\RakNet\BitStream.h">
      <Filter>Shared\RakNet</Filter>
    </ClInclude>
    <ClInclude Include="..\Shared\RakNet\CCRakNetSlidingWindow.h">
      <Filter>Shared\RakNet</Filter>
    </ClInclude>
    <ClInclude Include="..\Shared\RakNet\CCRakNetUDT.h">
      <Filter>Shared\RakNet</Filter>
    </ClInclude>
    <ClInclude Include="..\Shared\RakNet\CheckSum.h">
      <Filter>Shared\RakNet</Filter>
    </ClInclude>
    <ClInclude Include="..\Shared\RakNet\CloudClient.h">
      <Filter>Shared\RakNet</Filter>
    </ClInclude>
    <ClInclude Include="..\Shared\RakNet\CloudCommon.h">
      <Filter>Shared\RakNet</Filter>
    </ClInclude>
    <ClInclude Include="..\Shared\RakNet\CloudServer.h">
      <Filter>Shared\RakNet</Filter>
    </ClInclude>
    <ClInclude Include="..\Shared\RakNet\CommandParserInterface.h">
      <Filter>Shared\RakNet</Filter>
    </ClInclude>
    <ClInclude Include="..\Shared\RakNet\ConnectionGraph2.h">
      <Filter>Shared\RakNet</Filter>
    </ClInclude>
    <ClInclude Include="..\Shared\RakNet\ConsoleServer.h">
      <Filter>Shared\RakNet</Filter>
    </ClInclude>
    <ClInclude Include="..\Shared\RakNet\DataCompressor.h">
      <Filter>Shared\RakNet</Filter>
    </ClInclude>
    <ClInclude Include="..\Shared\RakNet\DirectoryDeltaTransfer.h">
      <Filter>Shared\RakNet</Filter>
    </ClInclude>
    <ClInclude Include="..\Shared\RakNet\DR_SHA1.h">
      <Filter>Shared\RakNet</Filter>
    </ClInclude>
    <ClInclude Include="..\Shared\RakNet\DS_BinarySearchTree.h">
      <Filter>Shared\RakNet</Filter>
    </ClInclude>
    <ClInclude Include="..\Shared\RakNet\DS_BPlusTree.h">
      <Filter>Shared\RakNet</Filter>
    </ClInclude>
    <ClInclude Include="..\Shared\RakNet\DS_BytePool.h">
      <Filter>Shared\RakNet</Filter>
    </ClInclude>
    <ClInclude Include="..\Shared\RakNet\DS_ByteQueue.h">
      <Filter>Shared\RakNet</Filter>
    </ClInclude>
    <ClInclude Include="..\Shared\RakNet\DS_Hash.h">
      <Filter>Shared\RakNet</Filter>
    </ClInclude>
    <ClInclude Include="..\Shared\RakNet\DS_Heap.h">
      <Filter>Shared\RakNet</Filter>
    </ClInclude>
    <ClInclude Include="..\Shared\RakNet\DS_HuffmanEncodingTree.h">
      <Filter>Shared\RakNet</Filter>
    </ClInclude>
    <ClInclude Include="..\Shared\RakNet\DS_HuffmanEncodingTreeFactory.h">
      <Filter>Shared\RakNet</Filter>
    </ClInclude>
    <ClInclude Include="..\Shared\RakNet\DS_HuffmanEncodingTreeNode.h">
      <Filter>Shared\RakNet</Filter>
    </ClInclude>
    <ClInclude Include="..\Shared\RakNet\DS_LinkedList.h">
      <Filter>Shared\RakNet</Filter>
    </ClInclude>
    <ClInclude Include="..\Shared\RakNet\DS_List.h">
      <Filter>Shared\RakNet</Filter>
    </ClInclude>
    <ClInclude Include="..\Shared\RakNet\DS_Map.h">
      <Filter>Shared\RakNet</Filter>
    </ClInclude>
    <ClInclude Include="..\Shared\RakNet\DS_MemoryPool.h">
      <Filter>Shared\RakNet</Filter>
    </ClInclude>
    <ClInclude Include="..\Shared\RakNet\DS_Multilist.h">
      <Filter>Shared\RakNet</Filter>
    </ClInclude>
    <ClInclude Include="..\Shared\RakNet\DS_OrderedChannelHeap.h">
      <Filter>Shared\RakNet</Filter>
    </ClInclude>
    <ClInclude Include="..\Shared\RakNet\DS_OrderedList.h">
      <Filter>Shared\RakNet</Filter>
    </ClInclude>
    <ClInclude Include="..\Shared\RakNet\DS_Queue.h">
      <Filter>Shared\RakNet</Filter>
    </ClInclude>
    <ClInclude Include="..\Shared\RakNet\DS_QueueLinkedList.h">
      <Filter>Shared\RakNet</Filter>
    </ClInclude>
    <ClInclude Include="..\Shared\RakNet\DS_RangeList.h">
      <Filter>Shared\RakNet</Filter>
    </ClInclude>
    <ClInclude Include="..\Shared\RakNet\DS_Table.h">
      <Filter>Shared\RakNet</Filter>
    </ClInclude>
    <ClInclude Include="..\Shared\RakNet\DS_ThreadsafeAllocatingQueue.h">
      <Filter>Shared\RakNet</Filter>
    </ClInclude>
    <ClInclude Include="..\Shared\RakNet\DS_Tree.h">
      <Filter>Shared\RakNet</Filter>
    </ClInclude>
    <ClInclude Include="..\Shared\RakNet\DS_WeightedGraph.h">
      <Filter>Shared\RakNet</Filter>
    </ClInclude>
    <ClInclude Include="..\Shared\RakNet\DynDNS.h">
      <Filter>Shared\RakNet</Filter>
    </ClInclude>
    <ClInclude Include="..\Shared\RakNet\EmailSender.h">
      <Filter>Shared\RakNet</Filter>
    </ClInclude>
    <ClInclude Include="..\Shared\RakNet\EmptyHeader.h">
      <Filter>Shared\RakNet</Filter>
    </ClInclude>
    <ClInclude Include="..\Shared\RakNet\EpochTimeToString.h">
      <Filter>Shared\RakNet</Filter>
    </ClInclude>
    <ClInclude Include="..\Shared\RakNet\Export.h">
      <Filter>Shared\RakNet</Filter>
    </ClInclude>
    <ClInclude Include="..\Shared\RakNet\FileList.h">
      <Filter>Shared\RakNet</Filter>
    </ClInclude>
    <ClInclude Include="..\Shared\RakNet\FileListNodeContext.h">
      <Filter>Shared\RakNet</Filter>
    </ClInclude>
    <ClInclude Include="..\Shared\RakNet\FileListTransfer.h">
      <Filter>Shared\RakNet</Filter>
    </ClInclude>
    <ClInclude Include="..\Shared\RakNet\FileListTransferCBInterface.h">
      <Filter>Shared\RakNet</Filter>
    </ClInclude>
    <ClInclude Include="..\Shared\RakNet\FileOperations.h">
      <Filter>Shared\RakNet</Filter>
    </ClInclude>
    <ClInclude Include="..\Shared\RakNet\FormatString.h">
      <Filter>Shared\RakNet</Filter>
    </ClInclude>
    <ClInclude Include="..\Shared\RakNet\FullyConnectedMesh2.h">
      <Filter>Shared\RakNet</Filter>
    </ClInclude>
    <ClInclude Include="..\Shared\RakNet\Getche.h">
      <Filter>Shared\RakNet</Filter>
    </ClInclude>
    <ClInclude Include="..\Shared\RakNet\Gets.h">
      <Filter>Shared\RakNet</Filter>
    </ClInclude>
    <ClInclude Include="..\Shared\RakNet\GetTime.h">
      <Filter>Shared\RakNet</Filter>
    </ClInclude>
    <ClInclude Include="..\Shared\RakNet\gettimeofday.h">
      <Filter>Shared\RakNet</Filter>
    </ClInclude>
    <ClInclude Include="..\Shared\RakNet\GridSectorizer.h">
      <Filter>Shared\RakNet</Filter>
    </ClInclude>
    <ClInclude Include="..\Shared\RakNet\HTTPConnection.h">
      <Filter>Shared\RakNet</Filter>
    </ClInclude>
    <ClInclude Include="..\Shared\RakNet\HTTPConnection2.h">
      <Filter>Shared\RakNet</Filter>
    </ClInclude>
    <ClInclude Include="..\Shared\RakNet\IncrementalReadInterface.h">
      <Filter>Shared\RakNet</Filter>
    </ClInclude>
    <ClInclude Include="..\Shared\RakNet\InternalPacket.h">
      <Filter>Shared\RakNet</Filter>
    </ClInclude>
    <ClInclude Include="..\Shared\RakNet\Itoa.h">
      <Filter>Shared\RakNet</Filter>
    </ClInclude>
    <ClInclude Include="..\Shared\RakNet\Kbhit.h">
      <Filter>Shared\RakNet</Filter>
    </ClInclude>
    <ClInclude Include="..\Shared\RakNet\LinuxStrings.h">
      <Filter>Shared\RakNet</Filter>
    </ClInclude>
    <ClInclude Include="..\Shared\RakNet\LocklessTypes.h">
      <Filter>Shared\RakNet</Filter>
    </ClInclude>
    <ClInclude Include="..\Shared\RakNet\LogCommandParser.h">
      <Filter>Shared\RakNet</Filter>
    </ClInclude>
    <ClInclude Include="..\Shared\RakNet\MessageFilter.h">
      <Filter>Shared\RakNet</Filter>
    </ClInclude>
    <ClInclude Include="..\Shared\RakNet\MessageIdentifiers.h">
      <Filter>Shared\RakNet</Filter>
    </ClInclude>
    <ClInclude Include="..\Shared\RakNet\MTUSize.h">
      <Filter>Shared\RakNet</Filter>
    </ClInclude>
    <ClInclude Include="..\Shared\RakNet\NativeFeatureIncludes.h">
      <Filter>Shared\RakNet</Filter>
    </ClInclude>
    <ClInclude Include="..\Shared\RakNet\NativeFeatureIncludesOverrides.h">
      <Filter>Shared\RakNet</Filter>
    </ClInclude>
    <ClInclude Include="..\Shared\RakNet\NativeTypes.h">
      <Filter>Shared\RakNet</Filter>
    </ClInclude>
    <ClInclude Include="..\Shared\RakNet\NatPunchthroughClient.h">
      <Filter>Shared\RakNet</Filter>
    </ClInclude>
    <ClInclude Include="..\Shared\RakNet\NatPunchthroughServer.h">
      <Filter>Shared\RakNet</Filter>
    </ClInclude>
    <ClInclude Include="..\Shared\RakNet\NatTypeDetectionClient.h">
      <Filter>Shared\RakNet</Filter>
    </ClInclude>
    <ClInclude Include="..\Shared\RakNet\NatTypeDetectionCommon.h">
      <Filter>Shared\RakNet</Filter>
    </ClInclude>
    <ClInclude Include="..\Shared\RakNet\NatTypeDetectionServer.h">
      <Filter>Shared\RakNet</Filter>
    </ClInclude>
    <ClInclude Include="..\Shared\RakNet\NetworkIDManager.h">
      <Filter>Shared\RakNet</Filter>
    </ClInclude>
    <ClInclude Include="..\Shared\RakNet\NetworkIDObject.h">
      <Filter>Shared\RakNet</Filter>
    </ClInclude>
    <ClInclude Include="..\Shared\RakNet\PacketConsoleLogger.h">
      <Filter>Shared\RakNet</Filter>
    </ClInclude>
    <ClInclude Include="..\Shared\RakNet\PacketFileLogger.h">
      <Filter>Shared\RakNet</Filter>
    </ClInclude>
    <ClInclude Include="..\Shared\RakNet\PacketizedTCP.h">
      <Filter>Shared\RakNet</Filter>
    </ClInclude>
    <ClInclude Include="..\Shared\RakNet\PacketLogger.h">
      <Filter>Shared\RakNet</Filter>
    </ClInclude>
    <ClInclude Include="..\Shared\RakNet\PacketOutputWindowLogger.h">
      <Filter>Shared\RakNet</Filter>
    </ClInclude>
    <ClInclude Include="..\Shared\RakNet\PacketPool.h">
      <Filter>Shared\RakNet</Filter>
    </ClInclude>
    <ClInclude Include="..\Shared\RakNet\PacketPriority.h">
      <Filter>Shared\RakNet</Filter>
    </ClInclude>
    <ClInclude Include="..\Shared\RakNet\PluginInterface2.h">
      <Filter>Shared\RakNet</Filter>
    </ClInclude>
    <ClInclude Include="..\Shared\RakNet\PS3Includes.h">
      <Filter>Shared\RakNet</Filter>
    </ClInclude>
    <ClInclude Include="..\Shared\RakNet\PS4Includes.h">
      <Filter>Shared\RakNet</Filter>
    </ClInclude>
    <ClInclude Include="..\Shared\RakNet\Rackspace.h">
      <Filter>Shared\RakNet</Filter>
    </ClInclude>
    <ClInclude Include="..\Shared\RakNet\RakAlloca.h">
      <Filter>Shared\RakNet</Filter>
    </ClInclude>
    <ClInclude Include="..\Shared\RakNet\RakAssert.h">
      <Filter>Shared\RakNet</Filter>
    </ClInclude>
    <ClInclude Include="..\Shared\RakNet\RakMemoryOverride.h">
      <Filter>Shared\RakNet</Filter>
    </ClInclude>
    <ClInclude Include="..\Shared\RakNet\RakNetCommandParser.h">
      <Filter>Shared\RakNet</Filter>
    </ClInclude>
    <ClInclude Include="..\Shared\RakNet\RakNetDefines.h">
      <Filter>Shared\RakNet</Filter>
    </ClInclude>
    <ClInclude Include="..\Shared\RakNet\RakNetDefinesOverrides.h">
      <Filter>Shared\RakNet</Filter>
    </ClInclude>
    <ClInclude Include="..\Shared\RakNet\RakNetSmartPtr.h">
      <Filter>Shared\RakNet</Filter>
    </ClInclude>
    <ClInclude Include="..\Shared\RakNet\RakNetSocket.h">
      <Filter>Shared\RakNet</Filter>
    </ClInclude>
    <ClInclude Include="..\Shared\RakNet\RakNetSocket2.h">
      <Filter>Shared\RakNet</Filter>
    </ClInclude>
    <ClInclude Include="..\Shared\RakNet\RakNetStatistics.h">
      <Filter>Shared\RakNet</Filter>
    </ClInclude>
    <ClInclude Include="..\Shared\RakNet\RakNetTime.h">
      <Filter>Shared\RakNet</Filter>
    </ClInclude>
    <ClInclude Include="..\Shared\RakNet\RakNetTransport2.h">
      <Filter>Shared\RakNet</Filter>
    </ClInclude>
    <ClInclude Include="..\Shared\RakNet\RakNetTypes.h">
      <Filter>Shared\RakNet</Filter>
    </ClInclude>
    <ClInclude Include="..\Shared\RakNet\RakNetVersion.h">
      <Filter>Shared\RakNet</Filter>
    </ClInclude>
    <ClInclude Include="..\Shared\RakNet\RakPeer.h">
      <Filter>Shared\RakNet</Filter>
    </ClInclude>
    <ClInclude Include="..\Shared\RakNet\RakPeerInterface.h">
      <Filter>Shared\RakNet</Filter>
    </ClInclude>
    <ClInclude Include="..\Shared\RakNet\RakSleep.h">
      <Filter>Shared\RakNet</Filter>
    </ClInclude>
    <ClInclude Include="..\Shared\RakNet\RakString.h">
      <Filter>Shared\RakNet</Filter>
    </ClInclude>
    <ClInclude Include="..\Shared\RakNet\RakThread.h">
      <Filter>Shared\RakNet</Filter>
    </ClInclude>
    <ClInclude Include="..\Shared\RakNet\RakWString.h">
      <Filter>Shared\RakNet</Filter>
    </ClInclude>
    <ClInclude Include="..\Shared\RakNet\Rand.h">
      <Filter>Shared\RakNet</Filter>
    </ClInclude>
    <ClInclude Include="..\Shared\RakNet\RandSync.h">
      <Filter>Shared\RakNet</Filter>
    </ClInclude>
    <ClInclude Include="..\Shared\RakNet\ReadyEvent.h">
      <Filter>Shared\RakNet</Filter>
    </ClInclude>
    <ClInclude Include="..\Shared\RakNet\RefCountedObj.h">
      <Filter>Shared\RakNet</Filter>
    </ClInclude>
    <ClInclude Include="..\Shared\RakNet\RelayPlugin.h">
      <Filter>Shared\RakNet</Filter>
    </ClInclude>
    <ClInclude Include="..\Shared\RakNet\ReliabilityLayer.h">
      <Filter>Shared\RakNet</Filter>
    </ClInclude>
    <ClInclude Include="..\Shared\RakNet\ReplicaEnums.h">
      <Filter>Shared\RakNet</Filter>
    </ClInclude>
    <ClInclude Include="..\Shared\RakNet\ReplicaManager3.h">
      <Filter>Shared\RakNet</Filter>
    </ClInclude>
    <ClInclude Include="..\Shared\RakNet\Router2.h">
      <Filter>Shared\RakNet</Filter>
    </ClInclude>
    <ClInclude Include="..\Shared\RakNet\RPC4Plugin.h">
      <Filter>Shared\RakNet</Filter>
    </ClInclude>
    <ClInclude Include="..\Shared\RakNet\SecureHandshake.h">
      <Filter>Shared\RakNet</Filter>
    </ClInclude>
    <ClInclude Include="..\Shared\RakNet\SendToThread.h">
      <Filter>Shared\RakNet</Filter>
    </ClInclude>
    <ClInclude Include="..\Shared\RakNet\SignaledEvent.h">
      <Filter>Shared\RakNet</Filter>
    </ClInclude>
    <ClInclude Include="..\Shared\RakNet\SimpleMutex.h">
      <Filter>Shared\RakNet</Filter>
    </ClInclude>
    <ClInclude Include="..\Shared\RakNet\SimpleTCPServer.h">
      <Filter>Shared\RakNet</Filter>
    </ClInclude>
    <ClInclude Include="..\Shared\RakNet\SingleProducerConsumer.h">
      <Filter>Shared\RakNet</Filter>
    </ClInclude>
    <ClInclude Include="..\Shared\RakNet\SocketDefines.h">
      <Filter>Shared\RakNet</Filter>
    </ClInclude>
    <ClInclude Include="..\Shared\RakNet\SocketIncludes.h">
      <Filter>Shared\RakNet</Filter>
    </ClInclude>
    <ClInclude Include="..\Shared\RakNet\SocketLayer.h">
      <Filter>Shared\RakNet</Filter>
    </ClInclude>
    <ClInclude Include="..\Shared\RakNet\StatisticsHistory.h">
      <Filter>Shared\RakNet</Filter>
    </ClInclude>
    <ClInclude Include="..\Shared\RakNet\StringCompressor.h">
      <Filter>Shared\RakNet</Filter>
    </ClInclude>
    <ClInclude Include="..\Shared\RakNet\StringTable.h">
      <Filter>Shared\RakNet</Filter>
    </ClInclude>
    <ClInclude Include="..\Shared\RakNet\SuperFastHash.h">
      <Filter>Shared\RakNet</Filter>
    </ClInclude>
    <ClInclude Include="..\Shared\RakNet\TableSerializer.h">
      <Filter>Shared\RakNet</Filter>
    </ClInclude>
    <ClInclude Include="..\Shared\RakNet\TCPInterface.h">
      <Filter>Shared\RakNet</Filter>
    </ClInclude>
    <ClInclude Include="..\Shared\RakNet\TeamBalancer.h">
      <Filter>Shared\RakNet</Filter>
    </ClInclude>
    <ClInclude Include="..\Shared\RakNet\TeamManager.h">
      <Filter>Shared\RakNet</Filter>
    </ClInclude>
    <ClInclude Include="..\Shared\RakNet\TelnetTransport.h">
      <Filter>Shared\RakNet</Filter>
    </ClInclude>
    <ClInclude Include="..\Shared\RakNet\ThreadPool.h">
      <Filter>Shared\RakNet</Filter>
    </ClInclude>
    <ClInclude Include="..\Shared\RakNet\ThreadsafePacketLogger.h">
      <Filter>Shared\RakNet</Filter>
    </ClInclude>
    <ClInclude Include="..\Shared\RakNet\TransportInterface.h">
      <Filter>Shared\RakNet</Filter>
    </ClInclude>
    <ClInclude Include="..\Shared\RakNet\TwoWayAuthentication.h">
      <Filter>Shared\RakNet</Filter>
    </ClInclude>
    <ClInclude Include="..\Shared\RakNet\UDPForwarder.h">
      <Filter>Shared\RakNet</Filter>
    </ClInclude>
    <ClInclude Include="..\Shared\RakNet\UDPProxyClient.h">
      <Filter>Shared\RakNet</Filter>
    </ClInclude>
    <ClInclude Include="..\Shared\RakNet\UDPProxyCommon.h">
      <Filter>Shared\RakNet</Filter>
    </ClInclude>
    <ClInclude Include="..\Shared\RakNet\UDPProxyCoordinator.h">
      <Filter>Shared\RakNet</Filter>
    </ClInclude>
    <ClInclude Include="..\Shared\RakNet\UDPProxyServer.h">
      <Filter>Shared\RakNet</Filter>
    </ClInclude>
    <ClInclude Include="..\Shared\RakNet\VariableDeltaSerializer.h">
      <Filter>Shared\RakNet</Filter>
    </ClInclude>
    <ClInclude Include="..\Shared\RakNet\VariableListDeltaTracker.h">
      <Filter>Shared\RakNet</Filter>
    </ClInclude>
    <ClInclude Include="..\Shared\RakNet\VariadicSQLParser.h">
      <Filter>Shared\RakNet</Filter>
    </ClInclude>
    <ClInclude Include="..\Shared\RakNet\VitaIncludes.h">
      <Filter>Shared\RakNet</Filter>
    </ClInclude>
    <ClInclude Include="..\Shared\RakNet\WindowsIncludes.h">
      <Filter>Shared\RakNet</Filter>
    </ClInclude>
    <ClInclude Include="..\Shared\RakNet\WSAStartupSingleton.h">
      <Filter>Shared\RakNet</Filter>
    </ClInclude>
    <ClInclude Include="..\Shared\RakNet\XBox360Includes.h">
      <Filter>Shared\RakNet</Filter>
    </ClInclude>
    <ClInclude Include="..\Shared\goMath\goMath.h">
      <Filter>Shared\goMath</Filter>
    </ClInclude>
    <ClInclude Include="..\Shared\tinyxml\tinystr.h">
      <Filter>Shared\TinyXML</Filter>
    </ClInclude>
    <ClInclude Include="..\Shared\tinyxml\tinyxml.h">
      <Filter>Shared\TinyXML</Filter>
    </ClInclude>
    <ClInclude Include="..\Shared\List\List.h">
      <Filter>Shared\List</Filter>
    </ClInclude>
    <ClInclude Include="..\Shared\Network\GOMessages.h">
      <Filter>Shared\Network</Filter>
    </ClInclude>
    <ClInclude Include="..\Shared\hashlib\hashlibpp.h">
      <Filter>Shared\HashLib++</Filter>
    </ClInclude>
    <ClInclude Include="..\Shared\hashlib\hl_exception.h">
      <Filter>Shared\HashLib++</Filter>
    </ClInclude>
    <ClInclude Include="..\Shared\hashlib\hl_hashwrapper.h">
      <Filter>Shared\HashLib++</Filter>
    </ClInclude>
    <ClInclude Include="..\Shared\hashlib\hl_md5.h">
      <Filter>Shared\HashLib++</Filter>
    </ClInclude>
    <ClInclude Include="..\Shared\hashlib\hl_md5wrapper.h">
      <Filter>Shared\HashLib++</Filter>
    </ClInclude>
    <ClInclude Include="..\Shared\hashlib\hl_sha1.h">
      <Filter>Shared\HashLib++</Filter>
    </ClInclude>
    <ClInclude Include="..\Shared\hashlib\hl_sha1wrapper.h">
      <Filter>Shared\HashLib++</Filter>
    </ClInclude>
    <ClInclude Include="..\Shared\hashlib\hl_sha256.h">
      <Filter>Shared\HashLib++</Filter>
    </ClInclude>
    <ClInclude Include="..\Shared\hashlib\hl_sha256wrapper.h">
      <Filter>Shared\HashLib++</Filter>
    </ClInclude>
    <ClInclude Include="..\Shared\hashlib\hl_sha2ext.h">
      <Filter>Shared\HashLib++</Filter>
    </ClInclude>
    <ClInclude Include="..\Shared\hashlib\hl_sha2mac.h">
      <Filter>Shared\HashLib++</Filter>
    </ClInclude>
    <ClInclude Include="..\Shared\hashlib\hl_sha384wrapper.h">
      <Filter>Shared\HashLib++</Filter>
    </ClInclude>
    <ClInclude Include="..\Shared\hashlib\hl_sha512wrapper.h">
      <Filter>Shared\HashLib++</Filter>
    </ClInclude>
    <ClInclude Include="..\Shared\hashlib\hl_types.h">
      <Filter>Shared\HashLib++</Filter>
    </ClInclude>
    <ClInclude Include="..\Shared\hashlib\hl_wrapperfactory.h">
      <Filter>Shared\HashLib++</Filter>
    </ClInclude>
    <ClInclude Include="..\Shared\Utility\utility.h">
      <Filter>Shared\Utility</Filter>
    </ClInclude>
    <ClInclude Include="..\Shared\Squirrel\sq_macro.h">
      <Filter>Shared\Squirrel</Filter>
    </ClInclude>
    <ClInclude Include="..\Shared\Squirrel\binmodule\sqimport.h">
      <Filter>Shared\Squirrel\binmodule</Filter>
    </ClInclude>
    <ClInclude Include="..\Shared\Squirrel\binmodule\sqmodule.h">
      <Filter>Shared\Squirrel\binmodule</Filter>
    </ClInclude>
    <ClInclude Include="..\Shared\Squirrel\binmodule\sqmodule_helpers.h">
      <Filter>Shared\Squirrel\binmodule</Filter>
    </ClInclude>
    <ClInclude Include="..\Shared\Squirrel\binmodule\sqmodule_syms.h">
      <Filter>Shared\Squirrel\binmodule</Filter>
    </ClInclude>
    <ClInclude Include="..\Shared\Squirrel\include\sqstdaux.h">
      <Filter>Shared\Squirrel\include</Filter>
    </ClInclude>
    <ClInclude Include="..\Shared\Squirrel\include\sqstdblob.h">
      <Filter>Shared\Squirrel\include</Filter>
    </ClInclude>
    <ClInclude Include="..\Shared\Squirrel\include\sqstdio.h">
      <Filter>Shared\Squirrel\include</Filter>
    </ClInclude>
    <ClInclude Include="..\Shared\Squirrel\include\sqstdmath.h">
      <Filter>Shared\Squirrel\include</Filter>
    </ClInclude>
    <ClInclude Include="..\Shared\Squirrel\include\sqstdstring.h">
      <Filter>Shared\Squirrel\include</Filter>
    </ClInclude>
    <ClInclude Include="..\Shared\Squirrel\include\sqstdsystem.h">
      <Filter>Shared\Squirrel\include</Filter>
    </ClInclude>
    <ClInclude Include="..\Shared\Squirrel\include\squirrel.h">
      <Filter>Shared\Squirrel\include</Filter>
    </ClInclude>
    <ClInclude Include="..\Shared\Squirrel\squirrel\sqarray.h">
      <Filter>Shared\Squirrel\squirrel</Filter>
    </ClInclude>
    <ClInclude Include="..\Shared\Squirrel\squirrel\sqclass.h">
      <Filter>Shared\Squirrel\squirrel</Filter>
    </ClInclude>
    <ClInclude Include="..\Shared\Squirrel\squirrel\sqclosure.h">
      <Filter>Shared\Squirrel\squirrel</Filter>
    </ClInclude>
    <ClInclude Include="..\Shared\Squirrel\squirrel\sqcompiler.h">
      <Filter>Shared\Squirrel\squirrel</Filter>
    </ClInclude>
    <ClInclude Include="..\Shared\Squirrel\squirrel\sqfuncproto.h">
      <Filter>Shared\Squirrel\squirrel</Filter>
    </ClInclude>
    <ClInclude Include="..\Shared\Squirrel\squirrel\sqfuncstate.h">
      <Filter>Shared\Squirrel\squirrel</Filter>
    </ClInclude>
    <ClInclude Include="..\Shared\Squirrel\squirrel\sqlexer.h">
      <Filter>Shared\Squirrel\squirrel</Filter>
    </ClInclude>
    <ClInclude Include="..\Shared\Squirrel\squirrel\sqobject.h">
      <Filter>Shared\Squirrel\squirrel</Filter>
    </ClInclude>
    <ClInclude Include="..\Shared\Squirrel\squirrel\sqopcodes.h">
      <Filter>Shared\Squirrel\squirrel</Filter>
    </ClInclude>
    <ClInclude Include="..\Shared\Squirrel\squirrel\sqpcheader.h">
      <Filter>Shared\Squirrel\squirrel</Filter>
    </ClInclude>
    <ClInclude Include="..\Shared\Squirrel\squirrel\sqstate.h">
      <Filter>Shared\Squirrel\squirrel</Filter>
    </ClInclude>
    <ClInclude Include="..\Shared\Squirrel\squirrel\sqstring.h">
      <Filter>Shared\Squirrel\squirrel</Filter>
    </ClInclude>
    <ClInclude Include="..\Shared\Squirrel\squirrel\sqtable.h">
      <Filter>Shared\Squirrel\squirrel</Filter>
    </ClInclude>
    <ClInclude Include="..\Shared\Squirrel\squirrel\squserdata.h">
      <Filter>Shared\Squirrel\squirrel</Filter>
    </ClInclude>
    <ClInclude Include="..\Shared\Squirrel\squirrel\squtils.h">
      <Filter>Shared\Squirrel\squirrel</Filter>
    </ClInclude>
    <ClInclude Include="..\Shared\Squirrel\squirrel\sqvm.h">
      <Filter>Shared\Squirrel\squirrel</Filter>
    </ClInclude>
    <ClInclude Include="..\Shared\Squirrel\sqstdlib\sqstdblobimpl.h">
      <Filter>Shared\Squirrel\sqstdlib</Filter>
    </ClInclude>
    <ClInclude Include="..\Shared\Squirrel\sqstdlib\sqstdstream.h">
      <Filter>Shared\Squirrel\sqstdlib</Filter>
    </ClInclude>
    <ClInclude Include="CAnimation.h">
      <Filter>Core</Filter>
    </ClInclude>
    <ClInclude Include="CChat.h">
      <Filter>Core</Filter>
    </ClInclude>
    <ClInclude Include="CClient.h">
      <Filter>Core</Filter>
    </ClInclude>
    <ClInclude Include="CConfig.h">
      <Filter>Core</Filter>
    </ClInclude>
    <ClInclude Include="CGothicGame.h">
      <Filter>Core</Filter>
    </ClInclude>
    <ClInclude Include="CGothicWindow.h">
      <Filter>Core</Filter>
    </ClInclude>
    <ClInclude Include="CMultiplayer.h">
      <Filter>Core</Filter>
    </ClInclude>
    <ClInclude Include="CNetwork.h">
      <Filter>Core</Filter>
    </ClInclude>
    <ClInclude Include="CReceiver.h">
      <Filter>Core</Filter>
    </ClInclude>
    <ClInclude Include="CRender.h">
      <Filter>Core</Filter>
    </ClInclude>
    <ClInclude Include="CSpell.h">
      <Filter>Core</Filter>
    </ClInclude>
    <ClInclude Include="CSplashScreen.h">
      <Filter>Core</Filter>
    </ClInclude>
    <ClInclude Include="Log\CLog.h">
      <Filter>Core\DevTools\Log</Filter>
    </ClInclude>
    <ClInclude Include="CItemManager.h">
      <Filter>Core\Managers</Filter>
    </ClInclude>
    <ClInclude Include="CPlayerManager.h">
      <Filter>Core\Managers</Filter>
    </ClInclude>
    <ClInclude Include="CVobManager.h">
      <Filter>Core\Managers</Filter>
    </ClInclude>
    <ClInclude Include="CLocalPlayer.h">
      <Filter>Core\Local player</Filter>
    </ClInclude>
    <ClInclude Include="RPC\ChatRPC.h">
      <Filter>Core\RPC</Filter>
    </ClInclude>
    <ClInclude Include="RPC\ConnectionRPC.h">
      <Filter>Core\RPC</Filter>
    </ClInclude>
    <ClInclude Include="RPC\ItemRPC.h">
      <Filter>Core\RPC</Filter>
    </ClInclude>
    <ClInclude Include="RPC\PlayerRPC.h">
      <Filter>Core\RPC</Filter>
    </ClInclude>
    <ClInclude Include="RPC\ScriptRPC.h">
      <Filter>Core\RPC</Filter>
    </ClInclude>
    <ClInclude Include="Interface\CNetInterface.h">
      <Filter>Core\Interface</Filter>
    </ClInclude>
    <ClInclude Include="Interface\COptionsMenu.h">
      <Filter>Core\Interface</Filter>
    </ClInclude>
    <ClInclude Include="Interface\CPlayerList.h">
      <Filter>Core\Interface</Filter>
    </ClInclude>
    <ClInclude Include="CItem.h">
      <Filter>Core\Objects\Item</Filter>
    </ClInclude>
    <ClInclude Include="CCreature.h">
      <Filter>Core\Objects\Creatures</Filter>
    </ClInclude>
    <ClInclude Include="CNpc.h">
      <Filter>Core\Objects\Creatures</Filter>
    </ClInclude>
    <ClInclude Include="CPlayer.h">
      <Filter>Core\Objects\Creatures</Filter>
    </ClInclude>
    <ClInclude Include="CVob.h">
      <Filter>Core\Objects\Vobs</Filter>
    </ClInclude>
    <ClInclude Include="Script\CScript.h">
      <Filter>Core\Script</Filter>
    </ClInclude>
    <ClInclude Include="Script\SAnticheat.h">
      <Filter>Core\Script</Filter>
    </ClInclude>
    <ClInclude Include="Script\SCallback.h">
      <Filter>Core\Script</Filter>
    </ClInclude>
    <ClInclude Include="Script\SDraw.h">
      <Filter>Core\Script</Filter>
    </ClInclude>
    <ClInclude Include="Script\SFunction.h">
      <Filter>Core\Script</Filter>
    </ClInclude>
    <ClInclude Include="Script\SKey.h">
      <Filter>Core\Script</Filter>
    </ClInclude>
    <ClInclude Include="Script\SScript.h">
      <Filter>Core\Script</Filter>
    </ClInclude>
    <ClInclude Include="Script\STexture.h">
      <Filter>Core\Script</Filter>
    </ClInclude>
    <ClInclude Include="Script\STimer.h">
      <Filter>Core\Script</Filter>
    </ClInclude>
    <ClInclude Include="Script\SVariable.h">
      <Filter>Core\Script</Filter>
    </ClInclude>
    <ClInclude Include="CKeyboard.h">
      <Filter>Core\Keyboard</Filter>
    </ClInclude>
    <ClInclude Include="Keyboard\ru_layout.h">
      <Filter>Core\Keyboard</Filter>
    </ClInclude>
    <ClInclude Include="MemLib\MemLib.h">
      <Filter>MemLib</Filter>
    </ClInclude>
  </ItemGroup>
  <ItemGroup>
    <ClCompile Include="dllmain.cpp">
      <Filter>Default Project Files\Header Files\Source Files</Filter>
    </ClCompile>
    <ClCompile Include="stdafx.cpp">
      <Filter>Default Project Files\Header Files\Source Files</Filter>
    </ClCompile>
    <ClCompile Include="zengin\api\g2\ocgame.cpp">
      <Filter>ZenGin\oGame</Filter>
    </ClCompile>
    <ClCompile Include="zengin\api\g2\oCNpc.cpp">
      <Filter>ZenGin\oNpc</Filter>
    </ClCompile>
    <ClCompile Include="zengin\api\g2\ocobjectfactory.cpp">
      <Filter>ZenGin\oObjFactory</Filter>
    </ClCompile>
    <ClCompile Include="zengin\api\g2\zcinput.cpp">
      <Filter>ZenGin\zInput</Filter>
    </ClCompile>
    <ClCompile Include="zengin\api\g2\zcview.cpp">
      <Filter>ZenGin\zView</Filter>
    </ClCompile>
    <ClCompile Include="zengin\api\g2\oCMob.cpp">
      <Filter>ZenGin\oMob</Filter>
    </ClCompile>
    <ClCompile Include="zengin\api\g2\CGameManager_Hooks.cpp">
      <Filter>ZenGin\Hooks</Filter>
    </ClCompile>
    <ClCompile Include="zengin\api\g2\oCGame_Hooks.cpp">
      <Filter>ZenGin\Hooks</Filter>
    </ClCompile>
    <ClCompile Include="zengin\api\g2\oCMag_Book_Hooks.cpp">
      <Filter>ZenGin\Hooks</Filter>
    </ClCompile>
    <ClCompile Include="zengin\api\g2\oCNpc_Hooks.cpp">
      <Filter>ZenGin\Hooks</Filter>
    </ClCompile>
    <ClCompile Include="zengin\api\g2\oCObjectFactory_Hooks.cpp">
      <Filter>ZenGin\Hooks</Filter>
    </ClCompile>
    <ClCompile Include="zengin\api\g2\oCSpawnManager_Hook.cpp">
      <Filter>ZenGin\Hooks</Filter>
    </ClCompile>
    <ClCompile Include="zengin\api\g2\zCModel_Hooks.cpp">
      <Filter>ZenGin\Hooks</Filter>
    </ClCompile>
    <ClCompile Include="zengin\api\g2\zCOption_Hooks.cpp">
      <Filter>ZenGin\Hooks</Filter>
    </ClCompile>
    <ClCompile Include="zengin\api\g2\zCView_Hooks.cpp">
      <Filter>ZenGin\Hooks</Filter>
    </ClCompile>
    <ClCompile Include="zengin\api\g2\zcvob.cpp">
      <Filter>ZenGin\zVob</Filter>
    </ClCompile>
    <ClCompile Include="zengin\api\g2\gametoggle.cpp">
      <Filter>ZenGin\GameToggle</Filter>
    </ClCompile>
    <ClCompile Include="zengin\api\g2\zcursor.cpp">
      <Filter>ZenGin\Mouse</Filter>
    </ClCompile>
    <ClCompile Include="..\Shared\RakNet\_FindFirst.cpp">
      <Filter>Shared\RakNet</Filter>
    </ClCompile>
    <ClCompile Include="..\Shared\RakNet\Base64Encoder.cpp">
      <Filter>Shared\RakNet</Filter>
    </ClCompile>
    <ClCompile Include="..\Shared\RakNet\BitStream.cpp">
      <Filter>Shared\RakNet</Filter>
    </ClCompile>
    <ClCompile Include="..\Shared\RakNet\CCRakNetSlidingWindow.cpp">
      <Filter>Shared\RakNet</Filter>
    </ClCompile>
    <ClCompile Include="..\Shared\RakNet\CCRakNetUDT.cpp">
      <Filter>Shared\RakNet</Filter>
    </ClCompile>
    <ClCompile Include="..\Shared\RakNet\CheckSum.cpp">
      <Filter>Shared\RakNet</Filter>
    </ClCompile>
    <ClCompile Include="..\Shared\RakNet\CloudClient.cpp">
      <Filter>Shared\RakNet</Filter>
    </ClCompile>
    <ClCompile Include="..\Shared\RakNet\CloudCommon.cpp">
      <Filter>Shared\RakNet</Filter>
    </ClCompile>
    <ClCompile Include="..\Shared\RakNet\CloudServer.cpp">
      <Filter>Shared\RakNet</Filter>
    </ClCompile>
    <ClCompile Include="..\Shared\RakNet\CommandParserInterface.cpp">
      <Filter>Shared\RakNet</Filter>
    </ClCompile>
    <ClCompile Include="..\Shared\RakNet\ConnectionGraph2.cpp">
      <Filter>Shared\RakNet</Filter>
    </ClCompile>
    <ClCompile Include="..\Shared\RakNet\ConsoleServer.cpp">
      <Filter>Shared\RakNet</Filter>
    </ClCompile>
    <ClCompile Include="..\Shared\RakNet\DataCompressor.cpp">
      <Filter>Shared\RakNet</Filter>
    </ClCompile>
    <ClCompile Include="..\Shared\RakNet\DirectoryDeltaTransfer.cpp">
      <Filter>Shared\RakNet</Filter>
    </ClCompile>
    <ClCompile Include="..\Shared\RakNet\DR_SHA1.cpp">
      <Filter>Shared\RakNet</Filter>
    </ClCompile>
    <ClCompile Include="..\Shared\RakNet\DS_BytePool.cpp">
      <Filter>Shared\RakNet</Filter>
    </ClCompile>
    <ClCompile Include="..\Shared\RakNet\DS_ByteQueue.cpp">
      <Filter>Shared\RakNet</Filter>
    </ClCompile>
    <ClCompile Include="..\Shared\RakNet\DS_HuffmanEncodingTree.cpp">
      <Filter>Shared\RakNet</Filter>
    </ClCompile>
    <ClCompile Include="..\Shared\RakNet\DS_Table.cpp">
      <Filter>Shared\RakNet</Filter>
    </ClCompile>
    <ClCompile Include="..\Shared\RakNet\DynDNS.cpp">
      <Filter>Shared\RakNet</Filter>
    </ClCompile>
    <ClCompile Include="..\Shared\RakNet\EmailSender.cpp">
      <Filter>Shared\RakNet</Filter>
    </ClCompile>
    <ClCompile Include="..\Shared\RakNet\EpochTimeToString.cpp">
      <Filter>Shared\RakNet</Filter>
    </ClCompile>
    <ClCompile Include="..\Shared\RakNet\FileList.cpp">
      <Filter>Shared\RakNet</Filter>
    </ClCompile>
    <ClCompile Include="..\Shared\RakNet\FileListTransfer.cpp">
      <Filter>Shared\RakNet</Filter>
    </ClCompile>
    <ClCompile Include="..\Shared\RakNet\FileOperations.cpp">
      <Filter>Shared\RakNet</Filter>
    </ClCompile>
    <ClCompile Include="..\Shared\RakNet\FormatString.cpp">
      <Filter>Shared\RakNet</Filter>
    </ClCompile>
    <ClCompile Include="..\Shared\RakNet\FullyConnectedMesh2.cpp">
      <Filter>Shared\RakNet</Filter>
    </ClCompile>
    <ClCompile Include="..\Shared\RakNet\Getche.cpp">
      <Filter>Shared\RakNet</Filter>
    </ClCompile>
    <ClCompile Include="..\Shared\RakNet\Gets.cpp">
      <Filter>Shared\RakNet</Filter>
    </ClCompile>
    <ClCompile Include="..\Shared\RakNet\GetTime.cpp">
      <Filter>Shared\RakNet</Filter>
    </ClCompile>
    <ClCompile Include="..\Shared\RakNet\gettimeofday.cpp">
      <Filter>Shared\RakNet</Filter>
    </ClCompile>
    <ClCompile Include="..\Shared\RakNet\GridSectorizer.cpp">
      <Filter>Shared\RakNet</Filter>
    </ClCompile>
    <ClCompile Include="..\Shared\RakNet\HTTPConnection.cpp">
      <Filter>Shared\RakNet</Filter>
    </ClCompile>
    <ClCompile Include="..\Shared\RakNet\HTTPConnection2.cpp">
      <Filter>Shared\RakNet</Filter>
    </ClCompile>
    <ClCompile Include="..\Shared\RakNet\IncrementalReadInterface.cpp">
      <Filter>Shared\RakNet</Filter>
    </ClCompile>
    <ClCompile Include="..\Shared\RakNet\Itoa.cpp">
      <Filter>Shared\RakNet</Filter>
    </ClCompile>
    <ClCompile Include="..\Shared\RakNet\LinuxStrings.cpp">
      <Filter>Shared\RakNet</Filter>
    </ClCompile>
    <ClCompile Include="..\Shared\RakNet\LocklessTypes.cpp">
      <Filter>Shared\RakNet</Filter>
    </ClCompile>
    <ClCompile Include="..\Shared\RakNet\LogCommandParser.cpp">
      <Filter>Shared\RakNet</Filter>
    </ClCompile>
    <ClCompile Include="..\Shared\RakNet\MessageFilter.cpp">
      <Filter>Shared\RakNet</Filter>
    </ClCompile>
    <ClCompile Include="..\Shared\RakNet\NatPunchthroughClient.cpp">
      <Filter>Shared\RakNet</Filter>
    </ClCompile>
    <ClCompile Include="..\Shared\RakNet\NatPunchthroughServer.cpp">
      <Filter>Shared\RakNet</Filter>
    </ClCompile>
    <ClCompile Include="..\Shared\RakNet\NatTypeDetectionClient.cpp">
      <Filter>Shared\RakNet</Filter>
    </ClCompile>
    <ClCompile Include="..\Shared\RakNet\NatTypeDetectionCommon.cpp">
      <Filter>Shared\RakNet</Filter>
    </ClCompile>
    <ClCompile Include="..\Shared\RakNet\NatTypeDetectionServer.cpp">
      <Filter>Shared\RakNet</Filter>
    </ClCompile>
    <ClCompile Include="..\Shared\RakNet\NetworkIDManager.cpp">
      <Filter>Shared\RakNet</Filter>
    </ClCompile>
    <ClCompile Include="..\Shared\RakNet\NetworkIDObject.cpp">
      <Filter>Shared\RakNet</Filter>
    </ClCompile>
    <ClCompile Include="..\Shared\RakNet\PacketConsoleLogger.cpp">
      <Filter>Shared\RakNet</Filter>
    </ClCompile>
    <ClCompile Include="..\Shared\RakNet\PacketFileLogger.cpp">
      <Filter>Shared\RakNet</Filter>
    </ClCompile>
    <ClCompile Include="..\Shared\RakNet\PacketizedTCP.cpp">
      <Filter>Shared\RakNet</Filter>
    </ClCompile>
    <ClCompile Include="..\Shared\RakNet\PacketLogger.cpp">
      <Filter>Shared\RakNet</Filter>
    </ClCompile>
    <ClCompile Include="..\Shared\RakNet\PacketOutputWindowLogger.cpp">
      <Filter>Shared\RakNet</Filter>
    </ClCompile>
    <ClCompile Include="..\Shared\RakNet\PluginInterface2.cpp">
      <Filter>Shared\RakNet</Filter>
    </ClCompile>
    <ClCompile Include="..\Shared\RakNet\PS4Includes.cpp">
      <Filter>Shared\RakNet</Filter>
    </ClCompile>
    <ClCompile Include="..\Shared\RakNet\Rackspace.cpp">
      <Filter>Shared\RakNet</Filter>
    </ClCompile>
    <ClCompile Include="..\Shared\RakNet\RakMemoryOverride.cpp">
      <Filter>Shared\RakNet</Filter>
    </ClCompile>
    <ClCompile Include="..\Shared\RakNet\RakNetCommandParser.cpp">
      <Filter>Shared\RakNet</Filter>
    </ClCompile>
    <ClCompile Include="..\Shared\RakNet\RakNetSocket.cpp">
      <Filter>Shared\RakNet</Filter>
    </ClCompile>
    <ClCompile Include="..\Shared\RakNet\RakNetSocket2.cpp">
      <Filter>Shared\RakNet</Filter>
    </ClCompile>
    <ClCompile Include="..\Shared\RakNet\RakNetSocket2_360_720.cpp">
      <Filter>Shared\RakNet</Filter>
    </ClCompile>
    <ClCompile Include="..\Shared\RakNet\RakNetSocket2_Berkley.cpp">
      <Filter>Shared\RakNet</Filter>
    </ClCompile>
    <ClCompile Include="..\Shared\RakNet\RakNetSocket2_Berkley_NativeClient.cpp">
      <Filter>Shared\RakNet</Filter>
    </ClCompile>
    <ClCompile Include="..\Shared\RakNet\RakNetSocket2_NativeClient.cpp">
      <Filter>Shared\RakNet</Filter>
    </ClCompile>
    <ClCompile Include="..\Shared\RakNet\RakNetSocket2_PS3_PS4.cpp">
      <Filter>Shared\RakNet</Filter>
    </ClCompile>
    <ClCompile Include="..\Shared\RakNet\RakNetSocket2_PS4.cpp">
      <Filter>Shared\RakNet</Filter>
    </ClCompile>
    <ClCompile Include="..\Shared\RakNet\RakNetSocket2_Vita.cpp">
      <Filter>Shared\RakNet</Filter>
    </ClCompile>
    <ClCompile Include="..\Shared\RakNet\RakNetSocket2_Windows_Linux.cpp">
      <Filter>Shared\RakNet</Filter>
    </ClCompile>
    <ClCompile Include="..\Shared\RakNet\RakNetSocket2_Windows_Linux_360.cpp">
      <Filter>Shared\RakNet</Filter>
    </ClCompile>
    <ClCompile Include="..\Shared\RakNet\RakNetSocket2_WindowsStore8.cpp">
      <Filter>Shared\RakNet</Filter>
    </ClCompile>
    <ClCompile Include="..\Shared\RakNet\RakNetStatistics.cpp">
      <Filter>Shared\RakNet</Filter>
    </ClCompile>
    <ClCompile Include="..\Shared\RakNet\RakNetTransport2.cpp">
      <Filter>Shared\RakNet</Filter>
    </ClCompile>
    <ClCompile Include="..\Shared\RakNet\RakNetTypes.cpp">
      <Filter>Shared\RakNet</Filter>
    </ClCompile>
    <ClCompile Include="..\Shared\RakNet\RakPeer.cpp">
      <Filter>Shared\RakNet</Filter>
    </ClCompile>
    <ClCompile Include="..\Shared\RakNet\RakSleep.cpp">
      <Filter>Shared\RakNet</Filter>
    </ClCompile>
    <ClCompile Include="..\Shared\RakNet\RakString.cpp">
      <Filter>Shared\RakNet</Filter>
    </ClCompile>
    <ClCompile Include="..\Shared\RakNet\RakThread.cpp">
      <Filter>Shared\RakNet</Filter>
    </ClCompile>
    <ClCompile Include="..\Shared\RakNet\RakWString.cpp">
      <Filter>Shared\RakNet</Filter>
    </ClCompile>
    <ClCompile Include="..\Shared\RakNet\Rand.cpp">
      <Filter>Shared\RakNet</Filter>
    </ClCompile>
    <ClCompile Include="..\Shared\RakNet\RandSync.cpp">
      <Filter>Shared\RakNet</Filter>
    </ClCompile>
    <ClCompile Include="..\Shared\RakNet\ReadyEvent.cpp">
      <Filter>Shared\RakNet</Filter>
    </ClCompile>
    <ClCompile Include="..\Shared\RakNet\RelayPlugin.cpp">
      <Filter>Shared\RakNet</Filter>
    </ClCompile>
    <ClCompile Include="..\Shared\RakNet\ReliabilityLayer.cpp">
      <Filter>Shared\RakNet</Filter>
    </ClCompile>
    <ClCompile Include="..\Shared\RakNet\ReplicaManager3.cpp">
      <Filter>Shared\RakNet</Filter>
    </ClCompile>
    <ClCompile Include="..\Shared\RakNet\Router2.cpp">
      <Filter>Shared\RakNet</Filter>
    </ClCompile>
    <ClCompile Include="..\Shared\RakNet\RPC4Plugin.cpp">
      <Filter>Shared\RakNet</Filter>
    </ClCompile>
    <ClCompile Include="..\Shared\RakNet\SecureHandshake.cpp">
      <Filter>Shared\RakNet</Filter>
    </ClCompile>
    <ClCompile Include="..\Shared\RakNet\SendToThread.cpp">
      <Filter>Shared\RakNet</Filter>
    </ClCompile>
    <ClCompile Include="..\Shared\RakNet\SignaledEvent.cpp">
      <Filter>Shared\RakNet</Filter>
    </ClCompile>
    <ClCompile Include="..\Shared\RakNet\SimpleMutex.cpp">
      <Filter>Shared\RakNet</Filter>
    </ClCompile>
    <ClCompile Include="..\Shared\RakNet\SocketLayer.cpp">
      <Filter>Shared\RakNet</Filter>
    </ClCompile>
    <ClCompile Include="..\Shared\RakNet\StatisticsHistory.cpp">
      <Filter>Shared\RakNet</Filter>
    </ClCompile>
    <ClCompile Include="..\Shared\RakNet\StringCompressor.cpp">
      <Filter>Shared\RakNet</Filter>
    </ClCompile>
    <ClCompile Include="..\Shared\RakNet\StringTable.cpp">
      <Filter>Shared\RakNet</Filter>
    </ClCompile>
    <ClCompile Include="..\Shared\RakNet\SuperFastHash.cpp">
      <Filter>Shared\RakNet</Filter>
    </ClCompile>
    <ClCompile Include="..\Shared\RakNet\TableSerializer.cpp">
      <Filter>Shared\RakNet</Filter>
    </ClCompile>
    <ClCompile Include="..\Shared\RakNet\TCPInterface.cpp">
      <Filter>Shared\RakNet</Filter>
    </ClCompile>
    <ClCompile Include="..\Shared\RakNet\TeamBalancer.cpp">
      <Filter>Shared\RakNet</Filter>
    </ClCompile>
    <ClCompile Include="..\Shared\RakNet\TeamManager.cpp">
      <Filter>Shared\RakNet</Filter>
    </ClCompile>
    <ClCompile Include="..\Shared\RakNet\TelnetTransport.cpp">
      <Filter>Shared\RakNet</Filter>
    </ClCompile>
    <ClCompile Include="..\Shared\RakNet\ThreadsafePacketLogger.cpp">
      <Filter>Shared\RakNet</Filter>
    </ClCompile>
    <ClCompile Include="..\Shared\RakNet\TwoWayAuthentication.cpp">
      <Filter>Shared\RakNet</Filter>
    </ClCompile>
    <ClCompile Include="..\Shared\RakNet\UDPForwarder.cpp">
      <Filter>Shared\RakNet</Filter>
    </ClCompile>
    <ClCompile Include="..\Shared\RakNet\UDPProxyClient.cpp">
      <Filter>Shared\RakNet</Filter>
    </ClCompile>
    <ClCompile Include="..\Shared\RakNet\UDPProxyCoordinator.cpp">
      <Filter>Shared\RakNet</Filter>
    </ClCompile>
    <ClCompile Include="..\Shared\RakNet\UDPProxyServer.cpp">
      <Filter>Shared\RakNet</Filter>
    </ClCompile>
    <ClCompile Include="..\Shared\RakNet\VariableDeltaSerializer.cpp">
      <Filter>Shared\RakNet</Filter>
    </ClCompile>
    <ClCompile Include="..\Shared\RakNet\VariableListDeltaTracker.cpp">
      <Filter>Shared\RakNet</Filter>
    </ClCompile>
    <ClCompile Include="..\Shared\RakNet\VariadicSQLParser.cpp">
      <Filter>Shared\RakNet</Filter>
    </ClCompile>
    <ClCompile Include="..\Shared\RakNet\VitaIncludes.cpp">
      <Filter>Shared\RakNet</Filter>
    </ClCompile>
    <ClCompile Include="..\Shared\RakNet\WSAStartupSingleton.cpp">
      <Filter>Shared\RakNet</Filter>
    </ClCompile>
    <ClCompile Include="..\Shared\goMath\goMath.cpp">
      <Filter>Shared\goMath</Filter>
    </ClCompile>
    <ClCompile Include="..\Shared\tinyxml\tinystr.cpp">
      <Filter>Shared\TinyXML</Filter>
    </ClCompile>
    <ClCompile Include="..\Shared\tinyxml\tinyxml.cpp">
      <Filter>Shared\TinyXML</Filter>
    </ClCompile>
    <ClCompile Include="..\Shared\tinyxml\tinyxmlerror.cpp">
      <Filter>Shared\TinyXML</Filter>
    </ClCompile>
    <ClCompile Include="..\Shared\tinyxml\tinyxmlparser.cpp">
      <Filter>Shared\TinyXML</Filter>
    </ClCompile>
    <ClCompile Include="..\Shared\hashlib\hl_md5.cpp">
      <Filter>Shared\HashLib++</Filter>
    </ClCompile>
    <ClCompile Include="..\Shared\hashlib\hl_md5wrapper.cpp">
      <Filter>Shared\HashLib++</Filter>
    </ClCompile>
    <ClCompile Include="..\Shared\hashlib\hl_sha1.cpp">
      <Filter>Shared\HashLib++</Filter>
    </ClCompile>
    <ClCompile Include="..\Shared\hashlib\hl_sha1wrapper.cpp">
      <Filter>Shared\HashLib++</Filter>
    </ClCompile>
    <ClCompile Include="..\Shared\hashlib\hl_sha256.cpp">
      <Filter>Shared\HashLib++</Filter>
    </ClCompile>
    <ClCompile Include="..\Shared\hashlib\hl_sha256wrapper.cpp">
      <Filter>Shared\HashLib++</Filter>
    </ClCompile>
    <ClCompile Include="..\Shared\hashlib\hl_sha2ext.cpp">
      <Filter>Shared\HashLib++</Filter>
    </ClCompile>
    <ClCompile Include="..\Shared\hashlib\hl_sha384wrapper.cpp">
      <Filter>Shared\HashLib++</Filter>
    </ClCompile>
    <ClCompile Include="..\Shared\hashlib\hl_sha512wrapper.cpp">
      <Filter>Shared\HashLib++</Filter>
    </ClCompile>
    <ClCompile Include="..\Shared\hashlib\hl_wrapperfactory.cpp">
      <Filter>Shared\HashLib++</Filter>
    </ClCompile>
    <ClCompile Include="..\Shared\Utility\utility.cpp">
      <Filter>Shared\Utility</Filter>
    </ClCompile>
    <ClCompile Include="..\Shared\Squirrel\binmodule\sqimport.cpp">
      <Filter>Shared\Squirrel\binmodule</Filter>
    </ClCompile>
    <ClCompile Include="..\Shared\Squirrel\squirrel\sqapi.cpp">
      <Filter>Shared\Squirrel\squirrel</Filter>
    </ClCompile>
    <ClCompile Include="..\Shared\Squirrel\squirrel\sqbaselib.cpp">
      <Filter>Shared\Squirrel\squirrel</Filter>
    </ClCompile>
    <ClCompile Include="..\Shared\Squirrel\squirrel\sqclass.cpp">
      <Filter>Shared\Squirrel\squirrel</Filter>
    </ClCompile>
    <ClCompile Include="..\Shared\Squirrel\squirrel\sqcompiler.cpp">
      <Filter>Shared\Squirrel\squirrel</Filter>
    </ClCompile>
    <ClCompile Include="..\Shared\Squirrel\squirrel\sqdebug.cpp">
      <Filter>Shared\Squirrel\squirrel</Filter>
    </ClCompile>
    <ClCompile Include="..\Shared\Squirrel\squirrel\sqfuncstate.cpp">
      <Filter>Shared\Squirrel\squirrel</Filter>
    </ClCompile>
    <ClCompile Include="..\Shared\Squirrel\squirrel\sqlexer.cpp">
      <Filter>Shared\Squirrel\squirrel</Filter>
    </ClCompile>
    <ClCompile Include="..\Shared\Squirrel\squirrel\sqmem.cpp">
      <Filter>Shared\Squirrel\squirrel</Filter>
    </ClCompile>
    <ClCompile Include="..\Shared\Squirrel\squirrel\sqobject.cpp">
      <Filter>Shared\Squirrel\squirrel</Filter>
    </ClCompile>
    <ClCompile Include="..\Shared\Squirrel\squirrel\sqstate.cpp">
      <Filter>Shared\Squirrel\squirrel</Filter>
    </ClCompile>
    <ClCompile Include="..\Shared\Squirrel\squirrel\sqtable.cpp">
      <Filter>Shared\Squirrel\squirrel</Filter>
    </ClCompile>
    <ClCompile Include="..\Shared\Squirrel\squirrel\sqvm.cpp">
      <Filter>Shared\Squirrel\squirrel</Filter>
    </ClCompile>
    <ClCompile Include="..\Shared\Squirrel\sqstdlib\sqstdaux.cpp">
      <Filter>Shared\Squirrel\sqstdlib</Filter>
    </ClCompile>
    <ClCompile Include="..\Shared\Squirrel\sqstdlib\sqstdblob.cpp">
      <Filter>Shared\Squirrel\sqstdlib</Filter>
    </ClCompile>
    <ClCompile Include="..\Shared\Squirrel\sqstdlib\sqstdio.cpp">
      <Filter>Shared\Squirrel\sqstdlib</Filter>
    </ClCompile>
    <ClCompile Include="..\Shared\Squirrel\sqstdlib\sqstdmath.cpp">
      <Filter>Shared\Squirrel\sqstdlib</Filter>
    </ClCompile>
    <ClCompile Include="..\Shared\Squirrel\sqstdlib\sqstdrex.cpp">
      <Filter>Shared\Squirrel\sqstdlib</Filter>
    </ClCompile>
    <ClCompile Include="..\Shared\Squirrel\sqstdlib\sqstdstream.cpp">
      <Filter>Shared\Squirrel\sqstdlib</Filter>
    </ClCompile>
    <ClCompile Include="..\Shared\Squirrel\sqstdlib\sqstdstring.cpp">
      <Filter>Shared\Squirrel\sqstdlib</Filter>
    </ClCompile>
    <ClCompile Include="..\Shared\Squirrel\sqstdlib\sqstdsystem.cpp">
      <Filter>Shared\Squirrel\sqstdlib</Filter>
    </ClCompile>
    <ClCompile Include="CAnimation.cpp">
      <Filter>Core</Filter>
    </ClCompile>
    <ClCompile Include="CChat.cpp">
      <Filter>Core</Filter>
    </ClCompile>
    <ClCompile Include="CClient.cpp">
      <Filter>Core</Filter>
    </ClCompile>
    <ClCompile Include="CConfig.cpp">
      <Filter>Core</Filter>
    </ClCompile>
    <ClCompile Include="CGothicGame.cpp">
      <Filter>Core</Filter>
    </ClCompile>
    <ClCompile Include="CGothicWindow.cpp">
      <Filter>Core</Filter>
    </ClCompile>
    <ClCompile Include="CMultiplayer.cpp">
      <Filter>Core</Filter>
    </ClCompile>
    <ClCompile Include="CNetwork.cpp">
      <Filter>Core</Filter>
    </ClCompile>
    <ClCompile Include="CReceiver.cpp">
      <Filter>Core</Filter>
    </ClCompile>
    <ClCompile Include="CRender.cpp">
      <Filter>Core</Filter>
    </ClCompile>
    <ClCompile Include="CSpell.cpp">
      <Filter>Core</Filter>
    </ClCompile>
    <ClCompile Include="CSplashScreen.cpp">
      <Filter>Core</Filter>
    </ClCompile>
    <ClCompile Include="Log\CLog.cpp">
      <Filter>Core\DevTools\Log</Filter>
    </ClCompile>
    <ClCompile Include="CItemManager.cpp">
      <Filter>Core\Managers</Filter>
    </ClCompile>
    <ClCompile Include="CPlayerManager.cpp">
      <Filter>Core\Managers</Filter>
    </ClCompile>
    <ClCompile Include="CVobManager.cpp">
      <Filter>Core\Managers</Filter>
    </ClCompile>
    <ClCompile Include="CLocalPlayer.cpp">
      <Filter>Core\Local player</Filter>
    </ClCompile>
    <ClCompile Include="RPC\ChatRPC.cpp">
      <Filter>Core\RPC</Filter>
    </ClCompile>
    <ClCompile Include="RPC\ConnectionRPC.cpp">
      <Filter>Core\RPC</Filter>
    </ClCompile>
    <ClCompile Include="RPC\ItemRPC.cpp">
      <Filter>Core\RPC</Filter>
    </ClCompile>
    <ClCompile Include="RPC\PlayerRPC.cpp">
      <Filter>Core\RPC</Filter>
    </ClCompile>
    <ClCompile Include="RPC\ScriptRPC.cpp">
      <Filter>Core\RPC</Filter>
    </ClCompile>
    <ClCompile Include="Interface\CNetInterface.cpp">
      <Filter>Core\Interface</Filter>
    </ClCompile>
    <ClCompile Include="Interface\COptionsMenu.cpp">
      <Filter>Core\Interface</Filter>
    </ClCompile>
    <ClCompile Include="Interface\CPlayerList.cpp">
      <Filter>Core\Interface</Filter>
    </ClCompile>
    <ClCompile Include="CItem.cpp">
      <Filter>Core\Objects\Item</Filter>
    </ClCompile>
    <ClCompile Include="CCreature.cpp">
      <Filter>Core\Objects\Creatures</Filter>
    </ClCompile>
    <ClCompile Include="CNpc.cpp">
      <Filter>Core\Objects\Creatures</Filter>
    </ClCompile>
    <ClCompile Include="CPlayer.cpp">
      <Filter>Core\Objects\Creatures</Filter>
    </ClCompile>
    <ClCompile Include="CVob.cpp">
      <Filter>Core\Objects\Vobs</Filter>
    </ClCompile>
    <ClCompile Include="Script\CScript.cpp">
      <Filter>Core\Script</Filter>
    </ClCompile>
    <ClCompile Include="Script\SAnticheat.cpp">
      <Filter>Core\Script</Filter>
    </ClCompile>
    <ClCompile Include="Script\SCallback.cpp">
      <Filter>Core\Script</Filter>
    </ClCompile>
    <ClCompile Include="Script\SDraw.cpp">
      <Filter>Core\Script</Filter>
    </ClCompile>
    <ClCompile Include="Script\SFunction.cpp">
      <Filter>Core\Script</Filter>
    </ClCompile>
    <ClCompile Include="Script\SKey.cpp">
      <Filter>Core\Script</Filter>
    </ClCompile>
    <ClCompile Include="Script\SScript.cpp">
      <Filter>Core\Script</Filter>
    </ClCompile>
    <ClCompile Include="Script\STexture.cpp">
      <Filter>Core\Script</Filter>
    </ClCompile>
    <ClCompile Include="Script\STimer.cpp">
      <Filter>Core\Script</Filter>
    </ClCompile>
    <ClCompile Include="Script\SVaraiable.cpp">
      <Filter>Core\Script</Filter>
    </ClCompile>
    <ClCompile Include="CKeyboard.cpp">
      <Filter>Core\Keyboard</Filter>
    </ClCompile>
    <ClCompile Include="MemLib\MemLib.cpp">
      <Filter>MemLib</Filter>
    </ClCompile>
  </ItemGroup>
  <ItemGroup>
    <None Include="zengin\api\g2\ztypes.inl">
      <Filter>ZenGin\zTypes</Filter>
    </None>
    <None Include="..\Shared\RakNet\RakNet.vcproj">
      <Filter>Shared\RakNet</Filter>
    </None>
    <None Include="..\Shared\RakNet\RakNet_vc8.vcproj">
      <Filter>Shared\RakNet</Filter>
    </None>
    <None Include="..\Shared\RakNet\RakNet_vc9.vcproj">
      <Filter>Shared\RakNet</Filter>
    </None>
    <None Include="..\Shared\Squirrel\squirrel\Makefile">
      <Filter>Shared\Squirrel\squirrel</Filter>
    </None>
    <None Include="..\Shared\Squirrel\squirrel\squirrel.dsp">
      <Filter>Shared\Squirrel\squirrel</Filter>
    </None>
    <None Include="..\Shared\Squirrel\sqstdlib\Makefile">
      <Filter>Shared\Squirrel\sqstdlib</Filter>
    </None>
    <None Include="..\Shared\Squirrel\sqstdlib\sqstdlib.dsp">
      <Filter>Shared\Squirrel\sqstdlib</Filter>
    </None>
  </ItemGroup>
  <ItemGroup>
    <Text Include="..\Shared\RakNet\CMakeLists.txt">
      <Filter>Shared\RakNet</Filter>
    </Text>
  </ItemGroup>
  <ItemGroup>
    <ResourceCompile Include="resource.rc" />
  </ItemGroup>
</Project>